
Microsoft Visual Studio Solution File, Format Version 12.00
# Visual Studio Version 17
VisualStudioVersion = 17.1.32210.238
MinimumVisualStudioVersion = 10.0.40219.1
Project("{2150E333-8FDC-42A3-9474-1A3956D46DE8}") = "DreamSky", "DreamSky", "{D37D1443-79B9-4BFE-8C21-713C90E5B95B}"
EndProject
Project("{2150E333-8FDC-42A3-9474-1A3956D46DE8}") = "chapter_01", "chapter_01", "{30EF7D84-01B5-4288-9FD0-37969C26075B}"
EndProject
Project("{8BC9CEB8-8B4A-11D0-8D11-00A0C91BC942}") = "DreamCommon", "DreamSky\DreamCommon\vcproj\DreamCommon.vcxproj", "{CD51641E-ACC8-417D-B69A-86FBA10C9EA5}"
EndProject
Project("{8BC9CEB8-8B4A-11D0-8D11-00A0C91BC942}") = "DreamConfig", "DreamSky\DreamConfig\vcproj\DreamConfig.vcxproj", "{8114670D-7197-4A66-AEC8-75AAE5EEA8AD}"
	ProjectSection(ProjectDependencies) = postProject
		{CD51641E-ACC8-417D-B69A-86FBA10C9EA5} = {CD51641E-ACC8-417D-B69A-86FBA10C9EA5}
	EndProjectSection
EndProject
Project("{8BC9CEB8-8B4A-11D0-8D11-00A0C91BC942}") = "hello_client", "chapter_01\vcproj\hello_client.vcxproj", "{AB501617-C5B5-43F9-A24F-ECF6B3E99D3A}"
	ProjectSection(ProjectDependencies) = postProject
		{494FF756-FE47-4A7D-A107-0122C9357929} = {494FF756-FE47-4A7D-A107-0122C9357929}
		{CD51641E-ACC8-417D-B69A-86FBA10C9EA5} = {CD51641E-ACC8-417D-B69A-86FBA10C9EA5}
	EndProjectSection
EndProject
Project("{8BC9CEB8-8B4A-11D0-8D11-00A0C91BC942}") = "hello_server", "chapter_01\vcproj\hello_server.vcxproj", "{89563730-24B2-43DB-93A8-BF40763B4A9A}"
	ProjectSection(ProjectDependencies) = postProject
		{494FF756-FE47-4A7D-A107-0122C9357929} = {494FF756-FE47-4A7D-A107-0122C9357929}
		{CD51641E-ACC8-417D-B69A-86FBA10C9EA5} = {CD51641E-ACC8-417D-B69A-86FBA10C9EA5}
	EndProjectSection
EndProject
Project("{8BC9CEB8-8B4A-11D0-8D11-00A0C91BC942}") = "DreamLog", "DreamSky\DreamLog\vcproj\DreamLog.vcxproj", "{9906645A-0434-49C6-B8D0-84C6416A2094}"
EndProject
Project("{8BC9CEB8-8B4A-11D0-8D11-00A0C91BC942}") = "DreamSocket", "DreamSky\DreamSocket\vcproj\DreamSocket.vcxproj", "{494FF756-FE47-4A7D-A107-0122C9357929}"
	ProjectSection(ProjectDependencies) = postProject
		{CD51641E-ACC8-417D-B69A-86FBA10C9EA5} = {CD51641E-ACC8-417D-B69A-86FBA10C9EA5}
	EndProjectSection
EndProject
Project("{2150E333-8FDC-42A3-9474-1A3956D46DE8}") = "chapter_02", "chapter_02", "{122EA480-099B-4041-898D-42943BB3BDAB}"
EndProject
Project("{8BC9CEB8-8B4A-11D0-8D11-00A0C91BC942}") = "tcp_client", "chapter_02\vcproj\tcp_client.vcxproj", "{D0972E0C-3659-45F9-B1BC-CFB33A8B85C7}"
	ProjectSection(ProjectDependencies) = postProject
		{494FF756-FE47-4A7D-A107-0122C9357929} = {494FF756-FE47-4A7D-A107-0122C9357929}
		{CD51641E-ACC8-417D-B69A-86FBA10C9EA5} = {CD51641E-ACC8-417D-B69A-86FBA10C9EA5}
	EndProjectSection
EndProject
Project("{8BC9CEB8-8B4A-11D0-8D11-00A0C91BC942}") = "tcp_server", "chapter_02\vcproj\tcp_server.vcxproj", "{1885C774-B24D-4247-A6AA-69684E5F3C8F}"
	ProjectSection(ProjectDependencies) = postProject
		{494FF756-FE47-4A7D-A107-0122C9357929} = {494FF756-FE47-4A7D-A107-0122C9357929}
		{CD51641E-ACC8-417D-B69A-86FBA10C9EA5} = {CD51641E-ACC8-417D-B69A-86FBA10C9EA5}
	EndProjectSection
EndProject
Project("{2150E333-8FDC-42A3-9474-1A3956D46DE8}") = "chapter_03", "chapter_03", "{93736FF6-FCCA-4284-89D1-A9B1520C3556}"
EndProject
Project("{8BC9CEB8-8B4A-11D0-8D11-00A0C91BC942}") = "endian_conv", "chapter_03\vcproj\endian_conv.vcxproj", "{08DCFC73-3967-417F-AE3F-0E73D3548C4F}"
	ProjectSection(ProjectDependencies) = postProject
		{9906645A-0434-49C6-B8D0-84C6416A2094} = {9906645A-0434-49C6-B8D0-84C6416A2094}
		{CD51641E-ACC8-417D-B69A-86FBA10C9EA5} = {CD51641E-ACC8-417D-B69A-86FBA10C9EA5}
	EndProjectSection
EndProject
Project("{8BC9CEB8-8B4A-11D0-8D11-00A0C91BC942}") = "inet_addr", "chapter_03\vcproj\inet_addr.vcxproj", "{29F31665-342F-4ADF-8E98-260A39A5C421}"
	ProjectSection(ProjectDependencies) = postProject
		{CD51641E-ACC8-417D-B69A-86FBA10C9EA5} = {CD51641E-ACC8-417D-B69A-86FBA10C9EA5}
	EndProjectSection
EndProject
Project("{8BC9CEB8-8B4A-11D0-8D11-00A0C91BC942}") = "inet_aton", "chapter_03\vcproj\inet_aton.vcxproj", "{AFA9804A-2FAB-4741-941D-67E778F788B8}"
	ProjectSection(ProjectDependencies) = postProject
		{CD51641E-ACC8-417D-B69A-86FBA10C9EA5} = {CD51641E-ACC8-417D-B69A-86FBA10C9EA5}
	EndProjectSection
EndProject
Project("{8BC9CEB8-8B4A-11D0-8D11-00A0C91BC942}") = "inet_ntoa", "chapter_03\vcproj\inet_ntoa.vcxproj", "{4796BE3F-FF73-443F-8F4C-AE1CB4F35171}"
	ProjectSection(ProjectDependencies) = postProject
		{CD51641E-ACC8-417D-B69A-86FBA10C9EA5} = {CD51641E-ACC8-417D-B69A-86FBA10C9EA5}
	EndProjectSection
EndProject
Project("{2150E333-8FDC-42A3-9474-1A3956D46DE8}") = "chapter_04", "chapter_04", "{1AB010C6-BA7C-4CCC-9B97-76FFD238267E}"
EndProject
Project("{8BC9CEB8-8B4A-11D0-8D11-00A0C91BC942}") = "echo_client", "chapter_04\vcproj\echo_client.vcxproj", "{CF42E3B9-A3F7-4258-9837-0161F71A80AA}"
	ProjectSection(ProjectDependencies) = postProject
		{494FF756-FE47-4A7D-A107-0122C9357929} = {494FF756-FE47-4A7D-A107-0122C9357929}
		{CD51641E-ACC8-417D-B69A-86FBA10C9EA5} = {CD51641E-ACC8-417D-B69A-86FBA10C9EA5}
	EndProjectSection
EndProject
Project("{8BC9CEB8-8B4A-11D0-8D11-00A0C91BC942}") = "echo_server", "chapter_04\vcproj\echo_server.vcxproj", "{E7AE410B-A866-4669-BD2B-1288E692111E}"
	ProjectSection(ProjectDependencies) = postProject
		{494FF756-FE47-4A7D-A107-0122C9357929} = {494FF756-FE47-4A7D-A107-0122C9357929}
		{CD51641E-ACC8-417D-B69A-86FBA10C9EA5} = {CD51641E-ACC8-417D-B69A-86FBA10C9EA5}
	EndProjectSection
EndProject
Project("{8BC9CEB8-8B4A-11D0-8D11-00A0C91BC942}") = "hello_client", "chapter_04\vcproj\hello_client.vcxproj", "{9378532C-63E2-469F-8902-518B76D03118}"
	ProjectSection(ProjectDependencies) = postProject
		{494FF756-FE47-4A7D-A107-0122C9357929} = {494FF756-FE47-4A7D-A107-0122C9357929}
		{CD51641E-ACC8-417D-B69A-86FBA10C9EA5} = {CD51641E-ACC8-417D-B69A-86FBA10C9EA5}
	EndProjectSection
EndProject
Project("{8BC9CEB8-8B4A-11D0-8D11-00A0C91BC942}") = "hello_server", "chapter_04\vcproj\hello_server.vcxproj", "{A5D55468-F2D4-44B5-BA82-F44E4B921287}"
	ProjectSection(ProjectDependencies) = postProject
		{494FF756-FE47-4A7D-A107-0122C9357929} = {494FF756-FE47-4A7D-A107-0122C9357929}
		{CD51641E-ACC8-417D-B69A-86FBA10C9EA5} = {CD51641E-ACC8-417D-B69A-86FBA10C9EA5}
	EndProjectSection
EndProject
Project("{2150E333-8FDC-42A3-9474-1A3956D46DE8}") = "chapter_05", "chapter_05", "{D4036137-611A-4B77-A859-C1CD3A7BD539}"
EndProject
Project("{8BC9CEB8-8B4A-11D0-8D11-00A0C91BC942}") = "op_client", "chapter_05\vcproj\op_client.vcxproj", "{18CF4702-2124-4162-A30D-2657599AA678}"
	ProjectSection(ProjectDependencies) = postProject
		{494FF756-FE47-4A7D-A107-0122C9357929} = {494FF756-FE47-4A7D-A107-0122C9357929}
		{CD51641E-ACC8-417D-B69A-86FBA10C9EA5} = {CD51641E-ACC8-417D-B69A-86FBA10C9EA5}
	EndProjectSection
EndProject
Project("{8BC9CEB8-8B4A-11D0-8D11-00A0C91BC942}") = "op_server", "chapter_05\vcproj\op_server.vcxproj", "{204E2925-0814-4C97-962E-CC71BA1C425E}"
	ProjectSection(ProjectDependencies) = postProject
		{494FF756-FE47-4A7D-A107-0122C9357929} = {494FF756-FE47-4A7D-A107-0122C9357929}
		{CD51641E-ACC8-417D-B69A-86FBA10C9EA5} = {CD51641E-ACC8-417D-B69A-86FBA10C9EA5}
	EndProjectSection
EndProject
Project("{2150E333-8FDC-42A3-9474-1A3956D46DE8}") = "chapter_06", "chapter_06", "{46DC6E18-A017-4EE5-B4A3-F6BED9D1F154}"
EndProject
Project("{8BC9CEB8-8B4A-11D0-8D11-00A0C91BC942}") = "uecho_client", "chapter_06\vcproj\uecho_client.vcxproj", "{59D7B38A-4919-4F62-82AB-DDE59FAE8DDC}"
	ProjectSection(ProjectDependencies) = postProject
		{494FF756-FE47-4A7D-A107-0122C9357929} = {494FF756-FE47-4A7D-A107-0122C9357929}
		{CD51641E-ACC8-417D-B69A-86FBA10C9EA5} = {CD51641E-ACC8-417D-B69A-86FBA10C9EA5}
	EndProjectSection
EndProject
Project("{8BC9CEB8-8B4A-11D0-8D11-00A0C91BC942}") = "uecho_server", "chapter_06\vcproj\uecho_server.vcxproj", "{9B063282-BC1C-46C1-896C-F87037850DFC}"
	ProjectSection(ProjectDependencies) = postProject
		{494FF756-FE47-4A7D-A107-0122C9357929} = {494FF756-FE47-4A7D-A107-0122C9357929}
		{CD51641E-ACC8-417D-B69A-86FBA10C9EA5} = {CD51641E-ACC8-417D-B69A-86FBA10C9EA5}
	EndProjectSection
EndProject
Project("{2150E333-8FDC-42A3-9474-1A3956D46DE8}") = "chapter_07", "chapter_07", "{FF69A6D3-1DC9-4238-90B6-7FAFC914403D}"
EndProject
Project("{8BC9CEB8-8B4A-11D0-8D11-00A0C91BC942}") = "file_client", "chapter_07\vcproj\file_client.vcxproj", "{A0E4D4B4-248F-43A2-AD9E-DF758E61CE68}"
	ProjectSection(ProjectDependencies) = postProject
		{494FF756-FE47-4A7D-A107-0122C9357929} = {494FF756-FE47-4A7D-A107-0122C9357929}
		{CD51641E-ACC8-417D-B69A-86FBA10C9EA5} = {CD51641E-ACC8-417D-B69A-86FBA10C9EA5}
	EndProjectSection
EndProject
Project("{8BC9CEB8-8B4A-11D0-8D11-00A0C91BC942}") = "file_server", "chapter_07\vcproj\file_server.vcxproj", "{71E938D0-35EF-4A25-AFE1-39AF9BE04EB6}"
	ProjectSection(ProjectDependencies) = postProject
		{494FF756-FE47-4A7D-A107-0122C9357929} = {494FF756-FE47-4A7D-A107-0122C9357929}
		{CD51641E-ACC8-417D-B69A-86FBA10C9EA5} = {CD51641E-ACC8-417D-B69A-86FBA10C9EA5}
	EndProjectSection
EndProject
Project("{2150E333-8FDC-42A3-9474-1A3956D46DE8}") = "chapter_08", "chapter_08", "{D2EEC132-17FD-4E97-9DD7-EBD379982719}"
EndProject
Project("{8BC9CEB8-8B4A-11D0-8D11-00A0C91BC942}") = "get_host_by_addr", "chapter_08\vcproj\get_host_by_addr.vcxproj", "{EEA93342-0382-442A-9633-958281BD333A}"
	ProjectSection(ProjectDependencies) = postProject
		{494FF756-FE47-4A7D-A107-0122C9357929} = {494FF756-FE47-4A7D-A107-0122C9357929}
		{CD51641E-ACC8-417D-B69A-86FBA10C9EA5} = {CD51641E-ACC8-417D-B69A-86FBA10C9EA5}
	EndProjectSection
EndProject
Project("{8BC9CEB8-8B4A-11D0-8D11-00A0C91BC942}") = "get_host_by_name", "chapter_08\vcproj\get_host_by_name.vcxproj", "{7429F9D6-7A06-4F52-A325-DE51332A87E4}"
	ProjectSection(ProjectDependencies) = postProject
		{494FF756-FE47-4A7D-A107-0122C9357929} = {494FF756-FE47-4A7D-A107-0122C9357929}
		{CD51641E-ACC8-417D-B69A-86FBA10C9EA5} = {CD51641E-ACC8-417D-B69A-86FBA10C9EA5}
	EndProjectSection
EndProject
Project("{2150E333-8FDC-42A3-9474-1A3956D46DE8}") = "chapter_09", "chapter_09", "{F64978CF-071B-457E-BDA2-839B16FF53E9}"
EndProject
Project("{8BC9CEB8-8B4A-11D0-8D11-00A0C91BC942}") = "get_buf", "chapter_09\vcproj\get_buf.vcxproj", "{5B79495B-6CED-4099-9A19-58B1F4423451}"
	ProjectSection(ProjectDependencies) = postProject
		{494FF756-FE47-4A7D-A107-0122C9357929} = {494FF756-FE47-4A7D-A107-0122C9357929}
		{CD51641E-ACC8-417D-B69A-86FBA10C9EA5} = {CD51641E-ACC8-417D-B69A-86FBA10C9EA5}
	EndProjectSection
EndProject
Project("{8BC9CEB8-8B4A-11D0-8D11-00A0C91BC942}") = "set_buf", "chapter_09\vcproj\set_buf.vcxproj", "{47647411-0D2B-4A5E-9521-D27CF9DC3CA6}"
	ProjectSection(ProjectDependencies) = postProject
		{494FF756-FE47-4A7D-A107-0122C9357929} = {494FF756-FE47-4A7D-A107-0122C9357929}
		{CD51641E-ACC8-417D-B69A-86FBA10C9EA5} = {CD51641E-ACC8-417D-B69A-86FBA10C9EA5}
	EndProjectSection
EndProject
Project("{8BC9CEB8-8B4A-11D0-8D11-00A0C91BC942}") = "sock_type", "chapter_09\vcproj\sock_type.vcxproj", "{D6203BE3-BB5A-4C4D-B446-7026F1E0456C}"
	ProjectSection(ProjectDependencies) = postProject
		{494FF756-FE47-4A7D-A107-0122C9357929} = {494FF756-FE47-4A7D-A107-0122C9357929}
		{CD51641E-ACC8-417D-B69A-86FBA10C9EA5} = {CD51641E-ACC8-417D-B69A-86FBA10C9EA5}
	EndProjectSection
EndProject
Project("{2150E333-8FDC-42A3-9474-1A3956D46DE8}") = "chapter_10", "chapter_10", "{D139E088-A680-4C7D-B8BA-99F2BD26EDFF}"
EndProject
Project("{8BC9CEB8-8B4A-11D0-8D11-00A0C91BC942}") = "DreamThread", "DreamSky\DreamThread\vcproj\DreamThread.vcxproj", "{68809571-840B-4280-AB71-5B2766B8048F}"
	ProjectSection(ProjectDependencies) = postProject
		{CD51641E-ACC8-417D-B69A-86FBA10C9EA5} = {CD51641E-ACC8-417D-B69A-86FBA10C9EA5}
	EndProjectSection
EndProject
Project("{8BC9CEB8-8B4A-11D0-8D11-00A0C91BC942}") = "fork", "chapter_10\vcproj\fork.vcxproj", "{4A7E8394-A677-48D7-BC2C-2582751F4F16}"
	ProjectSection(ProjectDependencies) = postProject
		{CD51641E-ACC8-417D-B69A-86FBA10C9EA5} = {CD51641E-ACC8-417D-B69A-86FBA10C9EA5}
	EndProjectSection
EndProject
Project("{8BC9CEB8-8B4A-11D0-8D11-00A0C91BC942}") = "wait", "chapter_10\vcproj\wait.vcxproj", "{4253F8F3-8BAF-49FD-ABFE-D9C85FD3399E}"
	ProjectSection(ProjectDependencies) = postProject
		{CD51641E-ACC8-417D-B69A-86FBA10C9EA5} = {CD51641E-ACC8-417D-B69A-86FBA10C9EA5}
	EndProjectSection
EndProject
Project("{8BC9CEB8-8B4A-11D0-8D11-00A0C91BC942}") = "wait_pid", "chapter_10\vcproj\wait_pid.vcxproj", "{5453109B-1CC9-4DF6-92C8-28B2CC626964}"
	ProjectSection(ProjectDependencies) = postProject
		{CD51641E-ACC8-417D-B69A-86FBA10C9EA5} = {CD51641E-ACC8-417D-B69A-86FBA10C9EA5}
	EndProjectSection
EndProject
Project("{8BC9CEB8-8B4A-11D0-8D11-00A0C91BC942}") = "signal", "chapter_10\vcproj\signal.vcxproj", "{6B4B2458-498E-4303-AF05-935B63EC5CEE}"
	ProjectSection(ProjectDependencies) = postProject
		{CD51641E-ACC8-417D-B69A-86FBA10C9EA5} = {CD51641E-ACC8-417D-B69A-86FBA10C9EA5}
	EndProjectSection
EndProject
Project("{8BC9CEB8-8B4A-11D0-8D11-00A0C91BC942}") = "sigaction", "chapter_10\vcproj\sigaction.vcxproj", "{4FD9953D-87C3-4981-8AC7-E61C9D903709}"
	ProjectSection(ProjectDependencies) = postProject
		{CD51641E-ACC8-417D-B69A-86FBA10C9EA5} = {CD51641E-ACC8-417D-B69A-86FBA10C9EA5}
	EndProjectSection
EndProject
Project("{8BC9CEB8-8B4A-11D0-8D11-00A0C91BC942}") = "rmzombie", "chapter_10\vcproj\rmzombie.vcxproj", "{C819CD21-6141-4967-9BBA-3D6EFA57FE33}"
	ProjectSection(ProjectDependencies) = postProject
		{CD51641E-ACC8-417D-B69A-86FBA10C9EA5} = {CD51641E-ACC8-417D-B69A-86FBA10C9EA5}
	EndProjectSection
EndProject
Project("{8BC9CEB8-8B4A-11D0-8D11-00A0C91BC942}") = "mp_client", "chapter_10\vcproj\mp_client.vcxproj", "{01E8203E-21AE-4A95-A6C0-26EE23B5938F}"
	ProjectSection(ProjectDependencies) = postProject
		{494FF756-FE47-4A7D-A107-0122C9357929} = {494FF756-FE47-4A7D-A107-0122C9357929}
		{CD51641E-ACC8-417D-B69A-86FBA10C9EA5} = {CD51641E-ACC8-417D-B69A-86FBA10C9EA5}
	EndProjectSection
EndProject
Project("{8BC9CEB8-8B4A-11D0-8D11-00A0C91BC942}") = "mp_server", "chapter_10\vcproj\mp_server.vcxproj", "{366CA289-472F-41AD-BF3E-56EB3EE83A7B}"
	ProjectSection(ProjectDependencies) = postProject
		{494FF756-FE47-4A7D-A107-0122C9357929} = {494FF756-FE47-4A7D-A107-0122C9357929}
		{CD51641E-ACC8-417D-B69A-86FBA10C9EA5} = {CD51641E-ACC8-417D-B69A-86FBA10C9EA5}
	EndProjectSection
EndProject
Project("{2150E333-8FDC-42A3-9474-1A3956D46DE8}") = "chapter_11", "chapter_11", "{66BBF75F-EA5C-4141-8235-942838377053}"
EndProject
Project("{8BC9CEB8-8B4A-11D0-8D11-00A0C91BC942}") = "pipe1", "chapter_11\vcproj\pipe1.vcxproj", "{78E68DBF-E09A-4DF8-9363-E695B768E431}"
	ProjectSection(ProjectDependencies) = postProject
		{494FF756-FE47-4A7D-A107-0122C9357929} = {494FF756-FE47-4A7D-A107-0122C9357929}
		{CD51641E-ACC8-417D-B69A-86FBA10C9EA5} = {CD51641E-ACC8-417D-B69A-86FBA10C9EA5}
		{E862D548-3B4E-4265-8C56-2E3EFAB3ACA1} = {E862D548-3B4E-4265-8C56-2E3EFAB3ACA1}
	EndProjectSection
EndProject
Project("{8BC9CEB8-8B4A-11D0-8D11-00A0C91BC942}") = "DreamProcess", "DreamSky\DreamProcess\vcproj\DreamProcess.vcxproj", "{E862D548-3B4E-4265-8C56-2E3EFAB3ACA1}"
EndProject
Project("{8BC9CEB8-8B4A-11D0-8D11-00A0C91BC942}") = "pipe2", "chapter_11\vcproj\pipe2.vcxproj", "{51B815FD-7ABD-4F5E-BD90-869F4D615D3A}"
	ProjectSection(ProjectDependencies) = postProject
		{494FF756-FE47-4A7D-A107-0122C9357929} = {494FF756-FE47-4A7D-A107-0122C9357929}
		{CD51641E-ACC8-417D-B69A-86FBA10C9EA5} = {CD51641E-ACC8-417D-B69A-86FBA10C9EA5}
		{E862D548-3B4E-4265-8C56-2E3EFAB3ACA1} = {E862D548-3B4E-4265-8C56-2E3EFAB3ACA1}
	EndProjectSection
EndProject
Project("{8BC9CEB8-8B4A-11D0-8D11-00A0C91BC942}") = "pipe3", "chapter_11\vcproj\pipe3.vcxproj", "{BF44F620-521C-453C-9CF1-06EF6D14E98F}"
	ProjectSection(ProjectDependencies) = postProject
		{494FF756-FE47-4A7D-A107-0122C9357929} = {494FF756-FE47-4A7D-A107-0122C9357929}
		{CD51641E-ACC8-417D-B69A-86FBA10C9EA5} = {CD51641E-ACC8-417D-B69A-86FBA10C9EA5}
		{E862D548-3B4E-4265-8C56-2E3EFAB3ACA1} = {E862D548-3B4E-4265-8C56-2E3EFAB3ACA1}
	EndProjectSection
EndProject
Project("{2150E333-8FDC-42A3-9474-1A3956D46DE8}") = "chapter_12", "chapter_12", "{3C0FBBB1-C5D3-49AD-9DF1-CAFD36E29A1B}"
EndProject
Project("{8BC9CEB8-8B4A-11D0-8D11-00A0C91BC942}") = "echo_client", "chapter_12\vcproj\echo_client.vcxproj", "{60989702-9011-473C-9B37-08B1D9162CA8}"
	ProjectSection(ProjectDependencies) = postProject
		{494FF756-FE47-4A7D-A107-0122C9357929} = {494FF756-FE47-4A7D-A107-0122C9357929}
		{CD51641E-ACC8-417D-B69A-86FBA10C9EA5} = {CD51641E-ACC8-417D-B69A-86FBA10C9EA5}
	EndProjectSection
EndProject
Project("{8BC9CEB8-8B4A-11D0-8D11-00A0C91BC942}") = "echo_server", "chapter_12\vcproj\echo_server.vcxproj", "{E1A92DEF-00FF-4363-AD8A-B931FBA4C7C3}"
	ProjectSection(ProjectDependencies) = postProject
		{494FF756-FE47-4A7D-A107-0122C9357929} = {494FF756-FE47-4A7D-A107-0122C9357929}
		{CD51641E-ACC8-417D-B69A-86FBA10C9EA5} = {CD51641E-ACC8-417D-B69A-86FBA10C9EA5}
	EndProjectSection
EndProject
Project("{8BC9CEB8-8B4A-11D0-8D11-00A0C91BC942}") = "select", "chapter_12\vcproj\select.vcxproj", "{3E2BE278-27D4-4638-B4DA-047C7BC69C06}"
	ProjectSection(ProjectDependencies) = postProject
		{494FF756-FE47-4A7D-A107-0122C9357929} = {494FF756-FE47-4A7D-A107-0122C9357929}
		{CD51641E-ACC8-417D-B69A-86FBA10C9EA5} = {CD51641E-ACC8-417D-B69A-86FBA10C9EA5}
	EndProjectSection
EndProject
Project("{2150E333-8FDC-42A3-9474-1A3956D46DE8}") = "chapter_13", "chapter_13", "{21258D12-CD7E-4CE8-88C8-593D18B43D14}"
EndProject
Project("{8BC9CEB8-8B4A-11D0-8D11-00A0C91BC942}") = "peek_recv", "chapter_13\vcproj\peek_recv.vcxproj", "{12BF6DA6-0BDB-4BFD-830B-A8FE6819A7C2}"
	ProjectSection(ProjectDependencies) = postProject
		{494FF756-FE47-4A7D-A107-0122C9357929} = {494FF756-FE47-4A7D-A107-0122C9357929}
		{CD51641E-ACC8-417D-B69A-86FBA10C9EA5} = {CD51641E-ACC8-417D-B69A-86FBA10C9EA5}
	EndProjectSection
EndProject
Project("{8BC9CEB8-8B4A-11D0-8D11-00A0C91BC942}") = "peek_send", "chapter_13\vcproj\peek_send.vcxproj", "{48316BD2-EEF8-4744-A109-11E9E80E2F54}"
	ProjectSection(ProjectDependencies) = postProject
		{494FF756-FE47-4A7D-A107-0122C9357929} = {494FF756-FE47-4A7D-A107-0122C9357929}
		{CD51641E-ACC8-417D-B69A-86FBA10C9EA5} = {CD51641E-ACC8-417D-B69A-86FBA10C9EA5}
	EndProjectSection
EndProject
Project("{8BC9CEB8-8B4A-11D0-8D11-00A0C91BC942}") = "oob_recv", "chapter_13\vcproj\oob_recv.vcxproj", "{0439FC12-2462-490F-BE08-4379B1684453}"
	ProjectSection(ProjectDependencies) = postProject
		{494FF756-FE47-4A7D-A107-0122C9357929} = {494FF756-FE47-4A7D-A107-0122C9357929}
		{CD51641E-ACC8-417D-B69A-86FBA10C9EA5} = {CD51641E-ACC8-417D-B69A-86FBA10C9EA5}
	EndProjectSection
EndProject
Project("{8BC9CEB8-8B4A-11D0-8D11-00A0C91BC942}") = "oob_send", "chapter_13\vcproj\oob_send.vcxproj", "{E48B5EA7-C904-43F6-9B27-7DFD76C5BEC6}"
	ProjectSection(ProjectDependencies) = postProject
		{494FF756-FE47-4A7D-A107-0122C9357929} = {494FF756-FE47-4A7D-A107-0122C9357929}
		{CD51641E-ACC8-417D-B69A-86FBA10C9EA5} = {CD51641E-ACC8-417D-B69A-86FBA10C9EA5}
	EndProjectSection
EndProject
Project("{8BC9CEB8-8B4A-11D0-8D11-00A0C91BC942}") = "readv", "chapter_13\vcproj\readv.vcxproj", "{90379A01-BF14-477E-BB96-3CBC25DADB15}"
	ProjectSection(ProjectDependencies) = postProject
		{CD51641E-ACC8-417D-B69A-86FBA10C9EA5} = {CD51641E-ACC8-417D-B69A-86FBA10C9EA5}
	EndProjectSection
EndProject
Project("{8BC9CEB8-8B4A-11D0-8D11-00A0C91BC942}") = "writev", "chapter_13\vcproj\writev.vcxproj", "{362F632C-E185-49E6-95E5-0C19D6A02848}"
	ProjectSection(ProjectDependencies) = postProject
		{CD51641E-ACC8-417D-B69A-86FBA10C9EA5} = {CD51641E-ACC8-417D-B69A-86FBA10C9EA5}
	EndProjectSection
EndProject
Project("{2150E333-8FDC-42A3-9474-1A3956D46DE8}") = "chapter_14", "chapter_14", "{C0269964-DEB3-4C8E-A16C-FD7F78275296}"
EndProject
Project("{8BC9CEB8-8B4A-11D0-8D11-00A0C91BC942}") = "news_receiver", "chapter_14\vcproj\news_receiver.vcxproj", "{0732B09C-C347-43CB-983B-45E5A36A944B}"
	ProjectSection(ProjectDependencies) = postProject
		{494FF756-FE47-4A7D-A107-0122C9357929} = {494FF756-FE47-4A7D-A107-0122C9357929}
		{CD51641E-ACC8-417D-B69A-86FBA10C9EA5} = {CD51641E-ACC8-417D-B69A-86FBA10C9EA5}
	EndProjectSection
EndProject
Project("{8BC9CEB8-8B4A-11D0-8D11-00A0C91BC942}") = "news_sender", "chapter_14\vcproj\news_sender.vcxproj", "{3108F164-5E7C-4A51-87F4-4A071161685B}"
	ProjectSection(ProjectDependencies) = postProject
		{494FF756-FE47-4A7D-A107-0122C9357929} = {494FF756-FE47-4A7D-A107-0122C9357929}
		{CD51641E-ACC8-417D-B69A-86FBA10C9EA5} = {CD51641E-ACC8-417D-B69A-86FBA10C9EA5}
	EndProjectSection
EndProject
Project("{8BC9CEB8-8B4A-11D0-8D11-00A0C91BC942}") = "broad_receiver", "chapter_14\vcproj\broad_receiver.vcxproj", "{C568030F-BF1D-4E69-B524-C7FEB82A7879}"
	ProjectSection(ProjectDependencies) = postProject
		{494FF756-FE47-4A7D-A107-0122C9357929} = {494FF756-FE47-4A7D-A107-0122C9357929}
		{CD51641E-ACC8-417D-B69A-86FBA10C9EA5} = {CD51641E-ACC8-417D-B69A-86FBA10C9EA5}
	EndProjectSection
EndProject
Project("{8BC9CEB8-8B4A-11D0-8D11-00A0C91BC942}") = "broad_sender", "chapter_14\vcproj\broad_sender.vcxproj", "{9CB9026C-73F3-4581-93FE-BCF01FE5D710}"
	ProjectSection(ProjectDependencies) = postProject
		{494FF756-FE47-4A7D-A107-0122C9357929} = {494FF756-FE47-4A7D-A107-0122C9357929}
		{CD51641E-ACC8-417D-B69A-86FBA10C9EA5} = {CD51641E-ACC8-417D-B69A-86FBA10C9EA5}
	EndProjectSection
EndProject
Project("{2150E333-8FDC-42A3-9474-1A3956D46DE8}") = "chapter_15", "chapter_15", "{51C16022-FF72-43D8-ACA2-C3537C58C9DE}"
EndProject
Project("{8BC9CEB8-8B4A-11D0-8D11-00A0C91BC942}") = "desto", "chapter_15\vcproj\desto.vcxproj", "{BACD8C72-94A6-4F50-B474-18E5DA0ABAA8}"
	ProjectSection(ProjectDependencies) = postProject
		{CD51641E-ACC8-417D-B69A-86FBA10C9EA5} = {CD51641E-ACC8-417D-B69A-86FBA10C9EA5}
	EndProjectSection
EndProject
Project("{8BC9CEB8-8B4A-11D0-8D11-00A0C91BC942}") = "stdcpy", "chapter_15\vcproj\stdcpy.vcxproj", "{CF4DFD8E-521E-4BB1-8550-AF49D230E112}"
	ProjectSection(ProjectDependencies) = postProject
		{CD51641E-ACC8-417D-B69A-86FBA10C9EA5} = {CD51641E-ACC8-417D-B69A-86FBA10C9EA5}
	EndProjectSection
EndProject
Project("{8BC9CEB8-8B4A-11D0-8D11-00A0C91BC942}") = "syscpy", "chapter_15\vcproj\syscpy.vcxproj", "{6AC99C48-1FEA-46E7-812F-F95541A04B33}"
	ProjectSection(ProjectDependencies) = postProject
		{CD51641E-ACC8-417D-B69A-86FBA10C9EA5} = {CD51641E-ACC8-417D-B69A-86FBA10C9EA5}
	EndProjectSection
EndProject
Project("{8BC9CEB8-8B4A-11D0-8D11-00A0C91BC942}") = "todes", "chapter_15\vcproj\todes.vcxproj", "{B4506BEC-FE6F-4E48-87E0-E24C046F44DB}"
	ProjectSection(ProjectDependencies) = postProject
		{CD51641E-ACC8-417D-B69A-86FBA10C9EA5} = {CD51641E-ACC8-417D-B69A-86FBA10C9EA5}
	EndProjectSection
EndProject
Project("{8BC9CEB8-8B4A-11D0-8D11-00A0C91BC942}") = "std_client", "chapter_15\vcproj\std_client.vcxproj", "{379A9A6B-01B5-4D87-88F4-D5A3AEA479F1}"
	ProjectSection(ProjectDependencies) = postProject
		{494FF756-FE47-4A7D-A107-0122C9357929} = {494FF756-FE47-4A7D-A107-0122C9357929}
		{CD51641E-ACC8-417D-B69A-86FBA10C9EA5} = {CD51641E-ACC8-417D-B69A-86FBA10C9EA5}
	EndProjectSection
EndProject
Project("{8BC9CEB8-8B4A-11D0-8D11-00A0C91BC942}") = "std_server", "chapter_15\vcproj\std_server.vcxproj", "{A07486E6-059F-4878-91FA-05C7B95A2E3E}"
	ProjectSection(ProjectDependencies) = postProject
		{494FF756-FE47-4A7D-A107-0122C9357929} = {494FF756-FE47-4A7D-A107-0122C9357929}
		{CD51641E-ACC8-417D-B69A-86FBA10C9EA5} = {CD51641E-ACC8-417D-B69A-86FBA10C9EA5}
	EndProjectSection
EndProject
Project("{2150E333-8FDC-42A3-9474-1A3956D46DE8}") = "chapter_16", "chapter_16", "{DC294935-0040-4F8C-9485-71099BB0F3D1}"
EndProject
Project("{8BC9CEB8-8B4A-11D0-8D11-00A0C91BC942}") = "dup", "chapter_16\vcproj\dup.vcxproj", "{C1B2A5C4-188A-4665-A3A0-A9488F035BA0}"
	ProjectSection(ProjectDependencies) = postProject
		{CD51641E-ACC8-417D-B69A-86FBA10C9EA5} = {CD51641E-ACC8-417D-B69A-86FBA10C9EA5}
	EndProjectSection
EndProject
Project("{8BC9CEB8-8B4A-11D0-8D11-00A0C91BC942}") = "sep_client", "chapter_16\vcproj\sep_client.vcxproj", "{D271E7AC-F784-41E2-8C8E-6317E81D3D1F}"
	ProjectSection(ProjectDependencies) = postProject
		{494FF756-FE47-4A7D-A107-0122C9357929} = {494FF756-FE47-4A7D-A107-0122C9357929}
		{CD51641E-ACC8-417D-B69A-86FBA10C9EA5} = {CD51641E-ACC8-417D-B69A-86FBA10C9EA5}
	EndProjectSection
EndProject
Project("{8BC9CEB8-8B4A-11D0-8D11-00A0C91BC942}") = "sep_server1", "chapter_16\vcproj\sep_server1.vcxproj", "{112B975A-7D23-42AB-8200-B3CB6FF625D7}"
	ProjectSection(ProjectDependencies) = postProject
		{494FF756-FE47-4A7D-A107-0122C9357929} = {494FF756-FE47-4A7D-A107-0122C9357929}
		{CD51641E-ACC8-417D-B69A-86FBA10C9EA5} = {CD51641E-ACC8-417D-B69A-86FBA10C9EA5}
	EndProjectSection
EndProject
Project("{8BC9CEB8-8B4A-11D0-8D11-00A0C91BC942}") = "sep_server2", "chapter_16\vcproj\sep_server2.vcxproj", "{E2919A9A-546B-4CB7-8C50-D204BAE9BCBD}"
	ProjectSection(ProjectDependencies) = postProject
		{494FF756-FE47-4A7D-A107-0122C9357929} = {494FF756-FE47-4A7D-A107-0122C9357929}
		{CD51641E-ACC8-417D-B69A-86FBA10C9EA5} = {CD51641E-ACC8-417D-B69A-86FBA10C9EA5}
	EndProjectSection
EndProject
Project("{2150E333-8FDC-42A3-9474-1A3956D46DE8}") = "chapter_17", "chapter_17", "{E13A7F11-8164-431A-98E1-19D9D1FCA937}"
EndProject
Project("{8BC9CEB8-8B4A-11D0-8D11-00A0C91BC942}") = "echo_client", "chapter_17\vcproj\echo_client.vcxproj", "{6A5063DD-05A7-4D71-98C9-8B7A0546A308}"
EndProject
Project("{8BC9CEB8-8B4A-11D0-8D11-00A0C91BC942}") = "echo_epoll_server", "chapter_17\vcproj\echo_epoll_server.vcxproj", "{54FA1D08-6F99-41F5-B018-371053D332F5}"
EndProject
Project("{8BC9CEB8-8B4A-11D0-8D11-00A0C91BC942}") = "echo_epet_server", "chapter_17\vcproj\echo_epet_server.vcxproj", "{407BB1E2-10D7-4AB8-9E0F-24A503FBC6F6}"
EndProject
Project("{8BC9CEB8-8B4A-11D0-8D11-00A0C91BC942}") = "echo_eplt_server", "chapter_17\vcproj\echo_eplt_server.vcxproj", "{65F4A9F9-FD3E-40AB-BB2E-041CEB04ECA9}"
EndProject
Project("{2150E333-8FDC-42A3-9474-1A3956D46DE8}") = "chapter_18", "chapter_18", "{29FFC352-F700-40F9-8F8E-684A4B76D68A}"
EndProject
Project("{8BC9CEB8-8B4A-11D0-8D11-00A0C91BC942}") = "mutex", "chapter_18\vcproj\mutex.vcxproj", "{99B391C7-FF08-443D-A0BC-F7C2B91B6780}"
EndProject
Project("{8BC9CEB8-8B4A-11D0-8D11-00A0C91BC942}") = "thread", "chapter_18\vcproj\thread.vcxproj", "{51EAF05E-1A2E-48E2-ACDA-A2F4B8864B6D}"
EndProject
Project("{8BC9CEB8-8B4A-11D0-8D11-00A0C91BC942}") = "semaphore", "chapter_18\vcproj\semaphore.vcxproj", "{61D34AAC-88B1-4268-A354-6DB4D8D5B699}"
EndProject
Project("{8BC9CEB8-8B4A-11D0-8D11-00A0C91BC942}") = "chat_client", "chapter_18\vcproj\chat_client.vcxproj", "{DFA10FA3-2962-467F-9BD5-BCA8E3A2256F}"
EndProject
Project("{8BC9CEB8-8B4A-11D0-8D11-00A0C91BC942}") = "chat_server", "chapter_18\vcproj\chat_server.vcxproj", "{D89EF275-CAB3-4955-A2DA-B626171AC644}"
EndProject
Project("{2150E333-8FDC-42A3-9474-1A3956D46DE8}") = "chapter_19", "chapter_19", "{30900DCD-8AE2-412A-923A-757A78BC8DD3}"
EndProject
Project("{8BC9CEB8-8B4A-11D0-8D11-00A0C91BC942}") = "thread1", "chapter_19\vcproj\thread1.vcxproj", "{EF4A2D5A-DF8A-463A-9763-BCD011F8C9A9}"
EndProject
Project("{8BC9CEB8-8B4A-11D0-8D11-00A0C91BC942}") = "thread2", "chapter_19\vcproj\thread2.vcxproj", "{900D21B3-6488-47E9-9664-BB45745621E2}"
EndProject
Project("{8BC9CEB8-8B4A-11D0-8D11-00A0C91BC942}") = "thread3", "chapter_19\vcproj\thread3.vcxproj", "{022F68DC-B330-4EBB-A472-9006A18FF9F0}"
EndProject
Project("{2150E333-8FDC-42A3-9474-1A3956D46DE8}") = "chapter_20", "chapter_20", "{6CA1602E-E777-4B87-864F-59D36432BA6D}"
EndProject
Project("{8BC9CEB8-8B4A-11D0-8D11-00A0C91BC942}") = "sync_cs", "chapter_20\vcproj\sync_cs.vcxproj", "{2A632BE9-FF06-4BD6-B22E-F500F50B15B9}"
EndProject
Project("{8BC9CEB8-8B4A-11D0-8D11-00A0C91BC942}") = "sync_event", "chapter_20\vcproj\sync_event.vcxproj", "{0403D6B1-8459-457F-B1C5-5466A63A929A}"
EndProject
Project("{8BC9CEB8-8B4A-11D0-8D11-00A0C91BC942}") = "sync_mutex", "chapter_20\vcproj\sync_mutex.vcxproj", "{718D0864-E302-4C46-B16B-3511DF158595}"
EndProject
Project("{8BC9CEB8-8B4A-11D0-8D11-00A0C91BC942}") = "sync_sem", "chapter_20\vcproj\sync_sem.vcxproj", "{A7762BC5-7FB3-47EA-BFEA-E99F2A181131}"
EndProject
Project("{8BC9CEB8-8B4A-11D0-8D11-00A0C91BC942}") = "chat_client", "chapter_20\vcproj\chat_client.vcxproj", "{04742206-DF48-4DC7-9559-24977BF836CD}"
EndProject
Project("{8BC9CEB8-8B4A-11D0-8D11-00A0C91BC942}") = "chat_server", "chapter_20\vcproj\chat_server.vcxproj", "{B1D51058-4FB5-484B-88C3-EC2465866436}"
EndProject
Project("{2150E333-8FDC-42A3-9474-1A3956D46DE8}") = "chapter_21", "chapter_21", "{658E0954-3184-4BBB-82E7-09A829D0718A}"
EndProject
Project("{8BC9CEB8-8B4A-11D0-8D11-00A0C91BC942}") = "echo_client", "chapter_21\vcproj\echo_client.vcxproj", "{F181D045-01CF-4DE1-BA5D-397A5F509FD5}"
EndProject
Project("{8BC9CEB8-8B4A-11D0-8D11-00A0C91BC942}") = "async_server", "chapter_21\vcproj\async_server.vcxproj", "{F0996862-2A43-4163-AF5B-1069D2A4A337}"
EndProject
Project("{2150E333-8FDC-42A3-9474-1A3956D46DE8}") = "chapter_22", "chapter_22", "{6D4CF5C2-041C-4095-A519-C649984909FE}"
EndProject
Project("{8BC9CEB8-8B4A-11D0-8D11-00A0C91BC942}") = "overlapped_recv", "chapter_22\vcproj\overlapped_recv.vcxproj", "{1CA560BF-89FB-4B77-AD7E-D4A28BD46651}"
EndProject
Project("{8BC9CEB8-8B4A-11D0-8D11-00A0C91BC942}") = "overlapped_send", "chapter_22\vcproj\overlapped_send.vcxproj", "{ED0D8BBB-8954-4CC4-850D-C19CF319B1CB}"
EndProject
Project("{8BC9CEB8-8B4A-11D0-8D11-00A0C91BC942}") = "cmpl_routines_recv", "chapter_22\vcproj\cmpl_routines_recv.vcxproj", "{8014D5B9-BE89-4678-ACA9-23A51B261652}"
EndProject
Project("{2150E333-8FDC-42A3-9474-1A3956D46DE8}") = "chapter_23", "chapter_23", "{F3DBE6C9-8F02-4020-8C97-D6E3C7C37B9D}"
EndProject
Project("{8BC9CEB8-8B4A-11D0-8D11-00A0C91BC942}") = "routines_server", "chapter_23\vcproj\routines_server.vcxproj", "{5749C1CF-18E7-4AFD-A5CB-AEE8A125E5B7}"
EndProject
Project("{8BC9CEB8-8B4A-11D0-8D11-00A0C91BC942}") = "echo_client", "chapter_23\vcproj\echo_client.vcxproj", "{02082F30-D319-471F-BE38-F9BBD5A251E5}"
EndProject
Project("{8BC9CEB8-8B4A-11D0-8D11-00A0C91BC942}") = "echo_server", "chapter_23\vcproj\echo_server.vcxproj", "{91CF09F0-0AD7-439F-B8ED-2288E09A7F83}"
EndProject
Project("{2150E333-8FDC-42A3-9474-1A3956D46DE8}") = "chapter_24", "chapter_24", "{EB9C2337-553B-4D6F-ABA2-6DE11C7740D4}"
EndProject
Project("{8BC9CEB8-8B4A-11D0-8D11-00A0C91BC942}") = "web_server", "chapter_24\vcproj\web_server.vcxproj", "{F3A94EDF-064B-4478-AB9A-6F4657783BC7}"
EndProject
Global
	GlobalSection(SolutionConfigurationPlatforms) = preSolution
		Debug|x64 = Debug|x64
		Debug|x86 = Debug|x86
		Release|x64 = Release|x64
		Release|x86 = Release|x86
	EndGlobalSection
	GlobalSection(ProjectConfigurationPlatforms) = postSolution
		{CD51641E-ACC8-417D-B69A-86FBA10C9EA5}.Debug|x64.ActiveCfg = Debug|x64
		{CD51641E-ACC8-417D-B69A-86FBA10C9EA5}.Debug|x64.Build.0 = Debug|x64
		{CD51641E-ACC8-417D-B69A-86FBA10C9EA5}.Debug|x86.ActiveCfg = Debug|Win32
		{CD51641E-ACC8-417D-B69A-86FBA10C9EA5}.Debug|x86.Build.0 = Debug|Win32
		{CD51641E-ACC8-417D-B69A-86FBA10C9EA5}.Release|x64.ActiveCfg = Release|x64
		{CD51641E-ACC8-417D-B69A-86FBA10C9EA5}.Release|x64.Build.0 = Release|x64
		{CD51641E-ACC8-417D-B69A-86FBA10C9EA5}.Release|x86.ActiveCfg = Release|Win32
		{CD51641E-ACC8-417D-B69A-86FBA10C9EA5}.Release|x86.Build.0 = Release|Win32
		{8114670D-7197-4A66-AEC8-75AAE5EEA8AD}.Debug|x64.ActiveCfg = Debug|x64
		{8114670D-7197-4A66-AEC8-75AAE5EEA8AD}.Debug|x64.Build.0 = Debug|x64
		{8114670D-7197-4A66-AEC8-75AAE5EEA8AD}.Debug|x86.ActiveCfg = Debug|Win32
		{8114670D-7197-4A66-AEC8-75AAE5EEA8AD}.Debug|x86.Build.0 = Debug|Win32
		{8114670D-7197-4A66-AEC8-75AAE5EEA8AD}.Release|x64.ActiveCfg = Release|x64
		{8114670D-7197-4A66-AEC8-75AAE5EEA8AD}.Release|x64.Build.0 = Release|x64
		{8114670D-7197-4A66-AEC8-75AAE5EEA8AD}.Release|x86.ActiveCfg = Release|Win32
		{8114670D-7197-4A66-AEC8-75AAE5EEA8AD}.Release|x86.Build.0 = Release|Win32
		{AB501617-C5B5-43F9-A24F-ECF6B3E99D3A}.Debug|x64.ActiveCfg = Debug|x64
		{AB501617-C5B5-43F9-A24F-ECF6B3E99D3A}.Debug|x64.Build.0 = Debug|x64
		{AB501617-C5B5-43F9-A24F-ECF6B3E99D3A}.Debug|x86.ActiveCfg = Debug|Win32
		{AB501617-C5B5-43F9-A24F-ECF6B3E99D3A}.Debug|x86.Build.0 = Debug|Win32
		{AB501617-C5B5-43F9-A24F-ECF6B3E99D3A}.Release|x64.ActiveCfg = Release|x64
		{AB501617-C5B5-43F9-A24F-ECF6B3E99D3A}.Release|x64.Build.0 = Release|x64
		{AB501617-C5B5-43F9-A24F-ECF6B3E99D3A}.Release|x86.ActiveCfg = Release|Win32
		{AB501617-C5B5-43F9-A24F-ECF6B3E99D3A}.Release|x86.Build.0 = Release|Win32
		{89563730-24B2-43DB-93A8-BF40763B4A9A}.Debug|x64.ActiveCfg = Debug|x64
		{89563730-24B2-43DB-93A8-BF40763B4A9A}.Debug|x64.Build.0 = Debug|x64
		{89563730-24B2-43DB-93A8-BF40763B4A9A}.Debug|x86.ActiveCfg = Debug|Win32
		{89563730-24B2-43DB-93A8-BF40763B4A9A}.Debug|x86.Build.0 = Debug|Win32
		{89563730-24B2-43DB-93A8-BF40763B4A9A}.Release|x64.ActiveCfg = Release|x64
		{89563730-24B2-43DB-93A8-BF40763B4A9A}.Release|x64.Build.0 = Release|x64
		{89563730-24B2-43DB-93A8-BF40763B4A9A}.Release|x86.ActiveCfg = Release|Win32
		{89563730-24B2-43DB-93A8-BF40763B4A9A}.Release|x86.Build.0 = Release|Win32
		{9906645A-0434-49C6-B8D0-84C6416A2094}.Debug|x64.ActiveCfg = Debug|x64
		{9906645A-0434-49C6-B8D0-84C6416A2094}.Debug|x64.Build.0 = Debug|x64
		{9906645A-0434-49C6-B8D0-84C6416A2094}.Debug|x86.ActiveCfg = Debug|Win32
		{9906645A-0434-49C6-B8D0-84C6416A2094}.Debug|x86.Build.0 = Debug|Win32
		{9906645A-0434-49C6-B8D0-84C6416A2094}.Release|x64.ActiveCfg = Release|x64
		{9906645A-0434-49C6-B8D0-84C6416A2094}.Release|x64.Build.0 = Release|x64
		{9906645A-0434-49C6-B8D0-84C6416A2094}.Release|x86.ActiveCfg = Release|Win32
		{9906645A-0434-49C6-B8D0-84C6416A2094}.Release|x86.Build.0 = Release|Win32
		{494FF756-FE47-4A7D-A107-0122C9357929}.Debug|x64.ActiveCfg = Debug|x64
		{494FF756-FE47-4A7D-A107-0122C9357929}.Debug|x64.Build.0 = Debug|x64
		{494FF756-FE47-4A7D-A107-0122C9357929}.Debug|x86.ActiveCfg = Debug|Win32
		{494FF756-FE47-4A7D-A107-0122C9357929}.Debug|x86.Build.0 = Debug|Win32
		{494FF756-FE47-4A7D-A107-0122C9357929}.Release|x64.ActiveCfg = Release|x64
		{494FF756-FE47-4A7D-A107-0122C9357929}.Release|x64.Build.0 = Release|x64
		{494FF756-FE47-4A7D-A107-0122C9357929}.Release|x86.ActiveCfg = Release|Win32
		{494FF756-FE47-4A7D-A107-0122C9357929}.Release|x86.Build.0 = Release|Win32
		{D0972E0C-3659-45F9-B1BC-CFB33A8B85C7}.Debug|x64.ActiveCfg = Debug|x64
		{D0972E0C-3659-45F9-B1BC-CFB33A8B85C7}.Debug|x64.Build.0 = Debug|x64
		{D0972E0C-3659-45F9-B1BC-CFB33A8B85C7}.Debug|x86.ActiveCfg = Debug|Win32
		{D0972E0C-3659-45F9-B1BC-CFB33A8B85C7}.Debug|x86.Build.0 = Debug|Win32
		{D0972E0C-3659-45F9-B1BC-CFB33A8B85C7}.Release|x64.ActiveCfg = Release|x64
		{D0972E0C-3659-45F9-B1BC-CFB33A8B85C7}.Release|x64.Build.0 = Release|x64
		{D0972E0C-3659-45F9-B1BC-CFB33A8B85C7}.Release|x86.ActiveCfg = Release|Win32
		{D0972E0C-3659-45F9-B1BC-CFB33A8B85C7}.Release|x86.Build.0 = Release|Win32
		{1885C774-B24D-4247-A6AA-69684E5F3C8F}.Debug|x64.ActiveCfg = Debug|x64
		{1885C774-B24D-4247-A6AA-69684E5F3C8F}.Debug|x64.Build.0 = Debug|x64
		{1885C774-B24D-4247-A6AA-69684E5F3C8F}.Debug|x86.ActiveCfg = Debug|Win32
		{1885C774-B24D-4247-A6AA-69684E5F3C8F}.Debug|x86.Build.0 = Debug|Win32
		{1885C774-B24D-4247-A6AA-69684E5F3C8F}.Release|x64.ActiveCfg = Release|x64
		{1885C774-B24D-4247-A6AA-69684E5F3C8F}.Release|x64.Build.0 = Release|x64
		{1885C774-B24D-4247-A6AA-69684E5F3C8F}.Release|x86.ActiveCfg = Release|Win32
		{1885C774-B24D-4247-A6AA-69684E5F3C8F}.Release|x86.Build.0 = Release|Win32
		{08DCFC73-3967-417F-AE3F-0E73D3548C4F}.Debug|x64.ActiveCfg = Debug|x64
		{08DCFC73-3967-417F-AE3F-0E73D3548C4F}.Debug|x64.Build.0 = Debug|x64
		{08DCFC73-3967-417F-AE3F-0E73D3548C4F}.Debug|x86.ActiveCfg = Debug|Win32
		{08DCFC73-3967-417F-AE3F-0E73D3548C4F}.Debug|x86.Build.0 = Debug|Win32
		{08DCFC73-3967-417F-AE3F-0E73D3548C4F}.Release|x64.ActiveCfg = Release|x64
		{08DCFC73-3967-417F-AE3F-0E73D3548C4F}.Release|x64.Build.0 = Release|x64
		{08DCFC73-3967-417F-AE3F-0E73D3548C4F}.Release|x86.ActiveCfg = Release|Win32
		{08DCFC73-3967-417F-AE3F-0E73D3548C4F}.Release|x86.Build.0 = Release|Win32
		{29F31665-342F-4ADF-8E98-260A39A5C421}.Debug|x64.ActiveCfg = Debug|x64
		{29F31665-342F-4ADF-8E98-260A39A5C421}.Debug|x64.Build.0 = Debug|x64
		{29F31665-342F-4ADF-8E98-260A39A5C421}.Debug|x86.ActiveCfg = Debug|Win32
		{29F31665-342F-4ADF-8E98-260A39A5C421}.Debug|x86.Build.0 = Debug|Win32
		{29F31665-342F-4ADF-8E98-260A39A5C421}.Release|x64.ActiveCfg = Release|x64
		{29F31665-342F-4ADF-8E98-260A39A5C421}.Release|x64.Build.0 = Release|x64
		{29F31665-342F-4ADF-8E98-260A39A5C421}.Release|x86.ActiveCfg = Release|Win32
		{29F31665-342F-4ADF-8E98-260A39A5C421}.Release|x86.Build.0 = Release|Win32
		{AFA9804A-2FAB-4741-941D-67E778F788B8}.Debug|x64.ActiveCfg = Debug|x64
		{AFA9804A-2FAB-4741-941D-67E778F788B8}.Debug|x64.Build.0 = Debug|x64
		{AFA9804A-2FAB-4741-941D-67E778F788B8}.Debug|x86.ActiveCfg = Debug|Win32
		{AFA9804A-2FAB-4741-941D-67E778F788B8}.Debug|x86.Build.0 = Debug|Win32
		{AFA9804A-2FAB-4741-941D-67E778F788B8}.Release|x64.ActiveCfg = Release|x64
		{AFA9804A-2FAB-4741-941D-67E778F788B8}.Release|x64.Build.0 = Release|x64
		{AFA9804A-2FAB-4741-941D-67E778F788B8}.Release|x86.ActiveCfg = Release|Win32
		{AFA9804A-2FAB-4741-941D-67E778F788B8}.Release|x86.Build.0 = Release|Win32
		{4796BE3F-FF73-443F-8F4C-AE1CB4F35171}.Debug|x64.ActiveCfg = Debug|x64
		{4796BE3F-FF73-443F-8F4C-AE1CB4F35171}.Debug|x64.Build.0 = Debug|x64
		{4796BE3F-FF73-443F-8F4C-AE1CB4F35171}.Debug|x86.ActiveCfg = Debug|Win32
		{4796BE3F-FF73-443F-8F4C-AE1CB4F35171}.Debug|x86.Build.0 = Debug|Win32
		{4796BE3F-FF73-443F-8F4C-AE1CB4F35171}.Release|x64.ActiveCfg = Release|x64
		{4796BE3F-FF73-443F-8F4C-AE1CB4F35171}.Release|x64.Build.0 = Release|x64
		{4796BE3F-FF73-443F-8F4C-AE1CB4F35171}.Release|x86.ActiveCfg = Release|Win32
		{4796BE3F-FF73-443F-8F4C-AE1CB4F35171}.Release|x86.Build.0 = Release|Win32
		{CF42E3B9-A3F7-4258-9837-0161F71A80AA}.Debug|x64.ActiveCfg = Debug|x64
		{CF42E3B9-A3F7-4258-9837-0161F71A80AA}.Debug|x64.Build.0 = Debug|x64
		{CF42E3B9-A3F7-4258-9837-0161F71A80AA}.Debug|x86.ActiveCfg = Debug|Win32
		{CF42E3B9-A3F7-4258-9837-0161F71A80AA}.Debug|x86.Build.0 = Debug|Win32
		{CF42E3B9-A3F7-4258-9837-0161F71A80AA}.Release|x64.ActiveCfg = Release|x64
		{CF42E3B9-A3F7-4258-9837-0161F71A80AA}.Release|x64.Build.0 = Release|x64
		{CF42E3B9-A3F7-4258-9837-0161F71A80AA}.Release|x86.ActiveCfg = Release|Win32
		{CF42E3B9-A3F7-4258-9837-0161F71A80AA}.Release|x86.Build.0 = Release|Win32
		{E7AE410B-A866-4669-BD2B-1288E692111E}.Debug|x64.ActiveCfg = Debug|x64
		{E7AE410B-A866-4669-BD2B-1288E692111E}.Debug|x64.Build.0 = Debug|x64
		{E7AE410B-A866-4669-BD2B-1288E692111E}.Debug|x86.ActiveCfg = Debug|Win32
		{E7AE410B-A866-4669-BD2B-1288E692111E}.Debug|x86.Build.0 = Debug|Win32
		{E7AE410B-A866-4669-BD2B-1288E692111E}.Release|x64.ActiveCfg = Release|x64
		{E7AE410B-A866-4669-BD2B-1288E692111E}.Release|x64.Build.0 = Release|x64
		{E7AE410B-A866-4669-BD2B-1288E692111E}.Release|x86.ActiveCfg = Release|Win32
		{E7AE410B-A866-4669-BD2B-1288E692111E}.Release|x86.Build.0 = Release|Win32
		{9378532C-63E2-469F-8902-518B76D03118}.Debug|x64.ActiveCfg = Debug|x64
		{9378532C-63E2-469F-8902-518B76D03118}.Debug|x64.Build.0 = Debug|x64
		{9378532C-63E2-469F-8902-518B76D03118}.Debug|x86.ActiveCfg = Debug|Win32
		{9378532C-63E2-469F-8902-518B76D03118}.Debug|x86.Build.0 = Debug|Win32
		{9378532C-63E2-469F-8902-518B76D03118}.Release|x64.ActiveCfg = Release|x64
		{9378532C-63E2-469F-8902-518B76D03118}.Release|x64.Build.0 = Release|x64
		{9378532C-63E2-469F-8902-518B76D03118}.Release|x86.ActiveCfg = Release|Win32
		{9378532C-63E2-469F-8902-518B76D03118}.Release|x86.Build.0 = Release|Win32
		{A5D55468-F2D4-44B5-BA82-F44E4B921287}.Debug|x64.ActiveCfg = Debug|x64
		{A5D55468-F2D4-44B5-BA82-F44E4B921287}.Debug|x64.Build.0 = Debug|x64
		{A5D55468-F2D4-44B5-BA82-F44E4B921287}.Debug|x86.ActiveCfg = Debug|Win32
		{A5D55468-F2D4-44B5-BA82-F44E4B921287}.Debug|x86.Build.0 = Debug|Win32
		{A5D55468-F2D4-44B5-BA82-F44E4B921287}.Release|x64.ActiveCfg = Release|x64
		{A5D55468-F2D4-44B5-BA82-F44E4B921287}.Release|x64.Build.0 = Release|x64
		{A5D55468-F2D4-44B5-BA82-F44E4B921287}.Release|x86.ActiveCfg = Release|Win32
		{A5D55468-F2D4-44B5-BA82-F44E4B921287}.Release|x86.Build.0 = Release|Win32
		{18CF4702-2124-4162-A30D-2657599AA678}.Debug|x64.ActiveCfg = Debug|x64
		{18CF4702-2124-4162-A30D-2657599AA678}.Debug|x64.Build.0 = Debug|x64
		{18CF4702-2124-4162-A30D-2657599AA678}.Debug|x86.ActiveCfg = Debug|Win32
		{18CF4702-2124-4162-A30D-2657599AA678}.Debug|x86.Build.0 = Debug|Win32
		{18CF4702-2124-4162-A30D-2657599AA678}.Release|x64.ActiveCfg = Release|x64
		{18CF4702-2124-4162-A30D-2657599AA678}.Release|x64.Build.0 = Release|x64
		{18CF4702-2124-4162-A30D-2657599AA678}.Release|x86.ActiveCfg = Release|Win32
		{18CF4702-2124-4162-A30D-2657599AA678}.Release|x86.Build.0 = Release|Win32
		{204E2925-0814-4C97-962E-CC71BA1C425E}.Debug|x64.ActiveCfg = Debug|x64
		{204E2925-0814-4C97-962E-CC71BA1C425E}.Debug|x64.Build.0 = Debug|x64
		{204E2925-0814-4C97-962E-CC71BA1C425E}.Debug|x86.ActiveCfg = Debug|Win32
		{204E2925-0814-4C97-962E-CC71BA1C425E}.Debug|x86.Build.0 = Debug|Win32
		{204E2925-0814-4C97-962E-CC71BA1C425E}.Release|x64.ActiveCfg = Release|x64
		{204E2925-0814-4C97-962E-CC71BA1C425E}.Release|x64.Build.0 = Release|x64
		{204E2925-0814-4C97-962E-CC71BA1C425E}.Release|x86.ActiveCfg = Release|Win32
		{204E2925-0814-4C97-962E-CC71BA1C425E}.Release|x86.Build.0 = Release|Win32
		{59D7B38A-4919-4F62-82AB-DDE59FAE8DDC}.Debug|x64.ActiveCfg = Debug|x64
		{59D7B38A-4919-4F62-82AB-DDE59FAE8DDC}.Debug|x64.Build.0 = Debug|x64
		{59D7B38A-4919-4F62-82AB-DDE59FAE8DDC}.Debug|x86.ActiveCfg = Debug|Win32
		{59D7B38A-4919-4F62-82AB-DDE59FAE8DDC}.Debug|x86.Build.0 = Debug|Win32
		{59D7B38A-4919-4F62-82AB-DDE59FAE8DDC}.Release|x64.ActiveCfg = Release|x64
		{59D7B38A-4919-4F62-82AB-DDE59FAE8DDC}.Release|x64.Build.0 = Release|x64
		{59D7B38A-4919-4F62-82AB-DDE59FAE8DDC}.Release|x86.ActiveCfg = Release|Win32
		{59D7B38A-4919-4F62-82AB-DDE59FAE8DDC}.Release|x86.Build.0 = Release|Win32
		{9B063282-BC1C-46C1-896C-F87037850DFC}.Debug|x64.ActiveCfg = Debug|x64
		{9B063282-BC1C-46C1-896C-F87037850DFC}.Debug|x64.Build.0 = Debug|x64
		{9B063282-BC1C-46C1-896C-F87037850DFC}.Debug|x86.ActiveCfg = Debug|Win32
		{9B063282-BC1C-46C1-896C-F87037850DFC}.Debug|x86.Build.0 = Debug|Win32
		{9B063282-BC1C-46C1-896C-F87037850DFC}.Release|x64.ActiveCfg = Release|x64
		{9B063282-BC1C-46C1-896C-F87037850DFC}.Release|x64.Build.0 = Release|x64
		{9B063282-BC1C-46C1-896C-F87037850DFC}.Release|x86.ActiveCfg = Release|Win32
		{9B063282-BC1C-46C1-896C-F87037850DFC}.Release|x86.Build.0 = Release|Win32
		{A0E4D4B4-248F-43A2-AD9E-DF758E61CE68}.Debug|x64.ActiveCfg = Debug|x64
		{A0E4D4B4-248F-43A2-AD9E-DF758E61CE68}.Debug|x64.Build.0 = Debug|x64
		{A0E4D4B4-248F-43A2-AD9E-DF758E61CE68}.Debug|x86.ActiveCfg = Debug|Win32
		{A0E4D4B4-248F-43A2-AD9E-DF758E61CE68}.Debug|x86.Build.0 = Debug|Win32
		{A0E4D4B4-248F-43A2-AD9E-DF758E61CE68}.Release|x64.ActiveCfg = Release|x64
		{A0E4D4B4-248F-43A2-AD9E-DF758E61CE68}.Release|x64.Build.0 = Release|x64
		{A0E4D4B4-248F-43A2-AD9E-DF758E61CE68}.Release|x86.ActiveCfg = Release|Win32
		{A0E4D4B4-248F-43A2-AD9E-DF758E61CE68}.Release|x86.Build.0 = Release|Win32
		{71E938D0-35EF-4A25-AFE1-39AF9BE04EB6}.Debug|x64.ActiveCfg = Debug|x64
		{71E938D0-35EF-4A25-AFE1-39AF9BE04EB6}.Debug|x64.Build.0 = Debug|x64
		{71E938D0-35EF-4A25-AFE1-39AF9BE04EB6}.Debug|x86.ActiveCfg = Debug|Win32
		{71E938D0-35EF-4A25-AFE1-39AF9BE04EB6}.Debug|x86.Build.0 = Debug|Win32
		{71E938D0-35EF-4A25-AFE1-39AF9BE04EB6}.Release|x64.ActiveCfg = Release|x64
		{71E938D0-35EF-4A25-AFE1-39AF9BE04EB6}.Release|x64.Build.0 = Release|x64
		{71E938D0-35EF-4A25-AFE1-39AF9BE04EB6}.Release|x86.ActiveCfg = Release|Win32
		{71E938D0-35EF-4A25-AFE1-39AF9BE04EB6}.Release|x86.Build.0 = Release|Win32
		{EEA93342-0382-442A-9633-958281BD333A}.Debug|x64.ActiveCfg = Debug|x64
		{EEA93342-0382-442A-9633-958281BD333A}.Debug|x64.Build.0 = Debug|x64
		{EEA93342-0382-442A-9633-958281BD333A}.Debug|x86.ActiveCfg = Debug|Win32
		{EEA93342-0382-442A-9633-958281BD333A}.Debug|x86.Build.0 = Debug|Win32
		{EEA93342-0382-442A-9633-958281BD333A}.Release|x64.ActiveCfg = Release|x64
		{EEA93342-0382-442A-9633-958281BD333A}.Release|x64.Build.0 = Release|x64
		{EEA93342-0382-442A-9633-958281BD333A}.Release|x86.ActiveCfg = Release|Win32
		{EEA93342-0382-442A-9633-958281BD333A}.Release|x86.Build.0 = Release|Win32
		{7429F9D6-7A06-4F52-A325-DE51332A87E4}.Debug|x64.ActiveCfg = Debug|x64
		{7429F9D6-7A06-4F52-A325-DE51332A87E4}.Debug|x64.Build.0 = Debug|x64
		{7429F9D6-7A06-4F52-A325-DE51332A87E4}.Debug|x86.ActiveCfg = Debug|Win32
		{7429F9D6-7A06-4F52-A325-DE51332A87E4}.Debug|x86.Build.0 = Debug|Win32
		{7429F9D6-7A06-4F52-A325-DE51332A87E4}.Release|x64.ActiveCfg = Release|x64
		{7429F9D6-7A06-4F52-A325-DE51332A87E4}.Release|x64.Build.0 = Release|x64
		{7429F9D6-7A06-4F52-A325-DE51332A87E4}.Release|x86.ActiveCfg = Release|Win32
		{7429F9D6-7A06-4F52-A325-DE51332A87E4}.Release|x86.Build.0 = Release|Win32
		{5B79495B-6CED-4099-9A19-58B1F4423451}.Debug|x64.ActiveCfg = Debug|x64
		{5B79495B-6CED-4099-9A19-58B1F4423451}.Debug|x64.Build.0 = Debug|x64
		{5B79495B-6CED-4099-9A19-58B1F4423451}.Debug|x86.ActiveCfg = Debug|Win32
		{5B79495B-6CED-4099-9A19-58B1F4423451}.Debug|x86.Build.0 = Debug|Win32
		{5B79495B-6CED-4099-9A19-58B1F4423451}.Release|x64.ActiveCfg = Release|x64
		{5B79495B-6CED-4099-9A19-58B1F4423451}.Release|x64.Build.0 = Release|x64
		{5B79495B-6CED-4099-9A19-58B1F4423451}.Release|x86.ActiveCfg = Release|Win32
		{5B79495B-6CED-4099-9A19-58B1F4423451}.Release|x86.Build.0 = Release|Win32
		{47647411-0D2B-4A5E-9521-D27CF9DC3CA6}.Debug|x64.ActiveCfg = Debug|x64
		{47647411-0D2B-4A5E-9521-D27CF9DC3CA6}.Debug|x64.Build.0 = Debug|x64
		{47647411-0D2B-4A5E-9521-D27CF9DC3CA6}.Debug|x86.ActiveCfg = Debug|Win32
		{47647411-0D2B-4A5E-9521-D27CF9DC3CA6}.Debug|x86.Build.0 = Debug|Win32
		{47647411-0D2B-4A5E-9521-D27CF9DC3CA6}.Release|x64.ActiveCfg = Release|x64
		{47647411-0D2B-4A5E-9521-D27CF9DC3CA6}.Release|x64.Build.0 = Release|x64
		{47647411-0D2B-4A5E-9521-D27CF9DC3CA6}.Release|x86.ActiveCfg = Release|Win32
		{47647411-0D2B-4A5E-9521-D27CF9DC3CA6}.Release|x86.Build.0 = Release|Win32
		{D6203BE3-BB5A-4C4D-B446-7026F1E0456C}.Debug|x64.ActiveCfg = Debug|x64
		{D6203BE3-BB5A-4C4D-B446-7026F1E0456C}.Debug|x64.Build.0 = Debug|x64
		{D6203BE3-BB5A-4C4D-B446-7026F1E0456C}.Debug|x86.ActiveCfg = Debug|Win32
		{D6203BE3-BB5A-4C4D-B446-7026F1E0456C}.Debug|x86.Build.0 = Debug|Win32
		{D6203BE3-BB5A-4C4D-B446-7026F1E0456C}.Release|x64.ActiveCfg = Release|x64
		{D6203BE3-BB5A-4C4D-B446-7026F1E0456C}.Release|x64.Build.0 = Release|x64
		{D6203BE3-BB5A-4C4D-B446-7026F1E0456C}.Release|x86.ActiveCfg = Release|Win32
		{D6203BE3-BB5A-4C4D-B446-7026F1E0456C}.Release|x86.Build.0 = Release|Win32
		{68809571-840B-4280-AB71-5B2766B8048F}.Debug|x64.ActiveCfg = Debug|x64
		{68809571-840B-4280-AB71-5B2766B8048F}.Debug|x64.Build.0 = Debug|x64
		{68809571-840B-4280-AB71-5B2766B8048F}.Debug|x86.ActiveCfg = Debug|Win32
		{68809571-840B-4280-AB71-5B2766B8048F}.Debug|x86.Build.0 = Debug|Win32
		{68809571-840B-4280-AB71-5B2766B8048F}.Release|x64.ActiveCfg = Release|x64
		{68809571-840B-4280-AB71-5B2766B8048F}.Release|x64.Build.0 = Release|x64
		{68809571-840B-4280-AB71-5B2766B8048F}.Release|x86.ActiveCfg = Release|Win32
		{68809571-840B-4280-AB71-5B2766B8048F}.Release|x86.Build.0 = Release|Win32
		{4A7E8394-A677-48D7-BC2C-2582751F4F16}.Debug|x64.ActiveCfg = Debug|x64
		{4A7E8394-A677-48D7-BC2C-2582751F4F16}.Debug|x64.Build.0 = Debug|x64
		{4A7E8394-A677-48D7-BC2C-2582751F4F16}.Debug|x86.ActiveCfg = Debug|Win32
		{4A7E8394-A677-48D7-BC2C-2582751F4F16}.Debug|x86.Build.0 = Debug|Win32
		{4A7E8394-A677-48D7-BC2C-2582751F4F16}.Release|x64.ActiveCfg = Release|x64
		{4A7E8394-A677-48D7-BC2C-2582751F4F16}.Release|x64.Build.0 = Release|x64
		{4A7E8394-A677-48D7-BC2C-2582751F4F16}.Release|x86.ActiveCfg = Release|Win32
		{4A7E8394-A677-48D7-BC2C-2582751F4F16}.Release|x86.Build.0 = Release|Win32
		{4253F8F3-8BAF-49FD-ABFE-D9C85FD3399E}.Debug|x64.ActiveCfg = Debug|x64
		{4253F8F3-8BAF-49FD-ABFE-D9C85FD3399E}.Debug|x64.Build.0 = Debug|x64
		{4253F8F3-8BAF-49FD-ABFE-D9C85FD3399E}.Debug|x86.ActiveCfg = Debug|Win32
		{4253F8F3-8BAF-49FD-ABFE-D9C85FD3399E}.Debug|x86.Build.0 = Debug|Win32
		{4253F8F3-8BAF-49FD-ABFE-D9C85FD3399E}.Release|x64.ActiveCfg = Release|x64
		{4253F8F3-8BAF-49FD-ABFE-D9C85FD3399E}.Release|x64.Build.0 = Release|x64
		{4253F8F3-8BAF-49FD-ABFE-D9C85FD3399E}.Release|x86.ActiveCfg = Release|Win32
		{4253F8F3-8BAF-49FD-ABFE-D9C85FD3399E}.Release|x86.Build.0 = Release|Win32
		{5453109B-1CC9-4DF6-92C8-28B2CC626964}.Debug|x64.ActiveCfg = Debug|x64
		{5453109B-1CC9-4DF6-92C8-28B2CC626964}.Debug|x64.Build.0 = Debug|x64
		{5453109B-1CC9-4DF6-92C8-28B2CC626964}.Debug|x86.ActiveCfg = Debug|Win32
		{5453109B-1CC9-4DF6-92C8-28B2CC626964}.Debug|x86.Build.0 = Debug|Win32
		{5453109B-1CC9-4DF6-92C8-28B2CC626964}.Release|x64.ActiveCfg = Release|x64
		{5453109B-1CC9-4DF6-92C8-28B2CC626964}.Release|x64.Build.0 = Release|x64
		{5453109B-1CC9-4DF6-92C8-28B2CC626964}.Release|x86.ActiveCfg = Release|Win32
		{5453109B-1CC9-4DF6-92C8-28B2CC626964}.Release|x86.Build.0 = Release|Win32
		{6B4B2458-498E-4303-AF05-935B63EC5CEE}.Debug|x64.ActiveCfg = Debug|x64
		{6B4B2458-498E-4303-AF05-935B63EC5CEE}.Debug|x64.Build.0 = Debug|x64
		{6B4B2458-498E-4303-AF05-935B63EC5CEE}.Debug|x86.ActiveCfg = Debug|Win32
		{6B4B2458-498E-4303-AF05-935B63EC5CEE}.Debug|x86.Build.0 = Debug|Win32
		{6B4B2458-498E-4303-AF05-935B63EC5CEE}.Release|x64.ActiveCfg = Release|x64
		{6B4B2458-498E-4303-AF05-935B63EC5CEE}.Release|x64.Build.0 = Release|x64
		{6B4B2458-498E-4303-AF05-935B63EC5CEE}.Release|x86.ActiveCfg = Release|Win32
		{6B4B2458-498E-4303-AF05-935B63EC5CEE}.Release|x86.Build.0 = Release|Win32
		{4FD9953D-87C3-4981-8AC7-E61C9D903709}.Debug|x64.ActiveCfg = Debug|x64
		{4FD9953D-87C3-4981-8AC7-E61C9D903709}.Debug|x64.Build.0 = Debug|x64
		{4FD9953D-87C3-4981-8AC7-E61C9D903709}.Debug|x86.ActiveCfg = Debug|Win32
		{4FD9953D-87C3-4981-8AC7-E61C9D903709}.Debug|x86.Build.0 = Debug|Win32
		{4FD9953D-87C3-4981-8AC7-E61C9D903709}.Release|x64.ActiveCfg = Release|x64
		{4FD9953D-87C3-4981-8AC7-E61C9D903709}.Release|x64.Build.0 = Release|x64
		{4FD9953D-87C3-4981-8AC7-E61C9D903709}.Release|x86.ActiveCfg = Release|Win32
		{4FD9953D-87C3-4981-8AC7-E61C9D903709}.Release|x86.Build.0 = Release|Win32
		{C819CD21-6141-4967-9BBA-3D6EFA57FE33}.Debug|x64.ActiveCfg = Debug|x64
		{C819CD21-6141-4967-9BBA-3D6EFA57FE33}.Debug|x64.Build.0 = Debug|x64
		{C819CD21-6141-4967-9BBA-3D6EFA57FE33}.Debug|x86.ActiveCfg = Debug|Win32
		{C819CD21-6141-4967-9BBA-3D6EFA57FE33}.Debug|x86.Build.0 = Debug|Win32
		{C819CD21-6141-4967-9BBA-3D6EFA57FE33}.Release|x64.ActiveCfg = Release|x64
		{C819CD21-6141-4967-9BBA-3D6EFA57FE33}.Release|x64.Build.0 = Release|x64
		{C819CD21-6141-4967-9BBA-3D6EFA57FE33}.Release|x86.ActiveCfg = Release|Win32
		{C819CD21-6141-4967-9BBA-3D6EFA57FE33}.Release|x86.Build.0 = Release|Win32
		{01E8203E-21AE-4A95-A6C0-26EE23B5938F}.Debug|x64.ActiveCfg = Debug|x64
		{01E8203E-21AE-4A95-A6C0-26EE23B5938F}.Debug|x64.Build.0 = Debug|x64
		{01E8203E-21AE-4A95-A6C0-26EE23B5938F}.Debug|x86.ActiveCfg = Debug|Win32
		{01E8203E-21AE-4A95-A6C0-26EE23B5938F}.Debug|x86.Build.0 = Debug|Win32
		{01E8203E-21AE-4A95-A6C0-26EE23B5938F}.Release|x64.ActiveCfg = Release|x64
		{01E8203E-21AE-4A95-A6C0-26EE23B5938F}.Release|x64.Build.0 = Release|x64
		{01E8203E-21AE-4A95-A6C0-26EE23B5938F}.Release|x86.ActiveCfg = Release|Win32
		{01E8203E-21AE-4A95-A6C0-26EE23B5938F}.Release|x86.Build.0 = Release|Win32
		{366CA289-472F-41AD-BF3E-56EB3EE83A7B}.Debug|x64.ActiveCfg = Debug|x64
		{366CA289-472F-41AD-BF3E-56EB3EE83A7B}.Debug|x64.Build.0 = Debug|x64
		{366CA289-472F-41AD-BF3E-56EB3EE83A7B}.Debug|x86.ActiveCfg = Debug|Win32
		{366CA289-472F-41AD-BF3E-56EB3EE83A7B}.Debug|x86.Build.0 = Debug|Win32
		{366CA289-472F-41AD-BF3E-56EB3EE83A7B}.Release|x64.ActiveCfg = Release|x64
		{366CA289-472F-41AD-BF3E-56EB3EE83A7B}.Release|x64.Build.0 = Release|x64
		{366CA289-472F-41AD-BF3E-56EB3EE83A7B}.Release|x86.ActiveCfg = Release|Win32
		{366CA289-472F-41AD-BF3E-56EB3EE83A7B}.Release|x86.Build.0 = Release|Win32
		{78E68DBF-E09A-4DF8-9363-E695B768E431}.Debug|x64.ActiveCfg = Debug|x64
		{78E68DBF-E09A-4DF8-9363-E695B768E431}.Debug|x64.Build.0 = Debug|x64
		{78E68DBF-E09A-4DF8-9363-E695B768E431}.Debug|x86.ActiveCfg = Debug|Win32
		{78E68DBF-E09A-4DF8-9363-E695B768E431}.Debug|x86.Build.0 = Debug|Win32
		{78E68DBF-E09A-4DF8-9363-E695B768E431}.Release|x64.ActiveCfg = Release|x64
		{78E68DBF-E09A-4DF8-9363-E695B768E431}.Release|x64.Build.0 = Release|x64
		{78E68DBF-E09A-4DF8-9363-E695B768E431}.Release|x86.ActiveCfg = Release|Win32
		{78E68DBF-E09A-4DF8-9363-E695B768E431}.Release|x86.Build.0 = Release|Win32
		{E862D548-3B4E-4265-8C56-2E3EFAB3ACA1}.Debug|x64.ActiveCfg = Debug|x64
		{E862D548-3B4E-4265-8C56-2E3EFAB3ACA1}.Debug|x64.Build.0 = Debug|x64
		{E862D548-3B4E-4265-8C56-2E3EFAB3ACA1}.Debug|x86.ActiveCfg = Debug|Win32
		{E862D548-3B4E-4265-8C56-2E3EFAB3ACA1}.Debug|x86.Build.0 = Debug|Win32
		{E862D548-3B4E-4265-8C56-2E3EFAB3ACA1}.Release|x64.ActiveCfg = Release|x64
		{E862D548-3B4E-4265-8C56-2E3EFAB3ACA1}.Release|x64.Build.0 = Release|x64
		{E862D548-3B4E-4265-8C56-2E3EFAB3ACA1}.Release|x86.ActiveCfg = Release|Win32
		{E862D548-3B4E-4265-8C56-2E3EFAB3ACA1}.Release|x86.Build.0 = Release|Win32
		{51B815FD-7ABD-4F5E-BD90-869F4D615D3A}.Debug|x64.ActiveCfg = Debug|x64
		{51B815FD-7ABD-4F5E-BD90-869F4D615D3A}.Debug|x64.Build.0 = Debug|x64
		{51B815FD-7ABD-4F5E-BD90-869F4D615D3A}.Debug|x86.ActiveCfg = Debug|Win32
		{51B815FD-7ABD-4F5E-BD90-869F4D615D3A}.Debug|x86.Build.0 = Debug|Win32
		{51B815FD-7ABD-4F5E-BD90-869F4D615D3A}.Release|x64.ActiveCfg = Release|x64
		{51B815FD-7ABD-4F5E-BD90-869F4D615D3A}.Release|x64.Build.0 = Release|x64
		{51B815FD-7ABD-4F5E-BD90-869F4D615D3A}.Release|x86.ActiveCfg = Release|Win32
		{51B815FD-7ABD-4F5E-BD90-869F4D615D3A}.Release|x86.Build.0 = Release|Win32
		{BF44F620-521C-453C-9CF1-06EF6D14E98F}.Debug|x64.ActiveCfg = Debug|x64
		{BF44F620-521C-453C-9CF1-06EF6D14E98F}.Debug|x64.Build.0 = Debug|x64
		{BF44F620-521C-453C-9CF1-06EF6D14E98F}.Debug|x86.ActiveCfg = Debug|Win32
		{BF44F620-521C-453C-9CF1-06EF6D14E98F}.Debug|x86.Build.0 = Debug|Win32
		{BF44F620-521C-453C-9CF1-06EF6D14E98F}.Release|x64.ActiveCfg = Release|x64
		{BF44F620-521C-453C-9CF1-06EF6D14E98F}.Release|x64.Build.0 = Release|x64
		{BF44F620-521C-453C-9CF1-06EF6D14E98F}.Release|x86.ActiveCfg = Release|Win32
		{BF44F620-521C-453C-9CF1-06EF6D14E98F}.Release|x86.Build.0 = Release|Win32
		{60989702-9011-473C-9B37-08B1D9162CA8}.Debug|x64.ActiveCfg = Debug|x64
		{60989702-9011-473C-9B37-08B1D9162CA8}.Debug|x64.Build.0 = Debug|x64
		{60989702-9011-473C-9B37-08B1D9162CA8}.Debug|x86.ActiveCfg = Debug|Win32
		{60989702-9011-473C-9B37-08B1D9162CA8}.Debug|x86.Build.0 = Debug|Win32
		{60989702-9011-473C-9B37-08B1D9162CA8}.Release|x64.ActiveCfg = Release|x64
		{60989702-9011-473C-9B37-08B1D9162CA8}.Release|x64.Build.0 = Release|x64
		{60989702-9011-473C-9B37-08B1D9162CA8}.Release|x86.ActiveCfg = Release|Win32
		{60989702-9011-473C-9B37-08B1D9162CA8}.Release|x86.Build.0 = Release|Win32
		{E1A92DEF-00FF-4363-AD8A-B931FBA4C7C3}.Debug|x64.ActiveCfg = Debug|x64
		{E1A92DEF-00FF-4363-AD8A-B931FBA4C7C3}.Debug|x64.Build.0 = Debug|x64
		{E1A92DEF-00FF-4363-AD8A-B931FBA4C7C3}.Debug|x86.ActiveCfg = Debug|Win32
		{E1A92DEF-00FF-4363-AD8A-B931FBA4C7C3}.Debug|x86.Build.0 = Debug|Win32
		{E1A92DEF-00FF-4363-AD8A-B931FBA4C7C3}.Release|x64.ActiveCfg = Release|x64
		{E1A92DEF-00FF-4363-AD8A-B931FBA4C7C3}.Release|x64.Build.0 = Release|x64
		{E1A92DEF-00FF-4363-AD8A-B931FBA4C7C3}.Release|x86.ActiveCfg = Release|Win32
		{E1A92DEF-00FF-4363-AD8A-B931FBA4C7C3}.Release|x86.Build.0 = Release|Win32
		{3E2BE278-27D4-4638-B4DA-047C7BC69C06}.Debug|x64.ActiveCfg = Debug|x64
		{3E2BE278-27D4-4638-B4DA-047C7BC69C06}.Debug|x64.Build.0 = Debug|x64
		{3E2BE278-27D4-4638-B4DA-047C7BC69C06}.Debug|x86.ActiveCfg = Debug|Win32
		{3E2BE278-27D4-4638-B4DA-047C7BC69C06}.Debug|x86.Build.0 = Debug|Win32
		{3E2BE278-27D4-4638-B4DA-047C7BC69C06}.Release|x64.ActiveCfg = Release|x64
		{3E2BE278-27D4-4638-B4DA-047C7BC69C06}.Release|x64.Build.0 = Release|x64
		{3E2BE278-27D4-4638-B4DA-047C7BC69C06}.Release|x86.ActiveCfg = Release|Win32
		{3E2BE278-27D4-4638-B4DA-047C7BC69C06}.Release|x86.Build.0 = Release|Win32
		{12BF6DA6-0BDB-4BFD-830B-A8FE6819A7C2}.Debug|x64.ActiveCfg = Debug|x64
		{12BF6DA6-0BDB-4BFD-830B-A8FE6819A7C2}.Debug|x64.Build.0 = Debug|x64
		{12BF6DA6-0BDB-4BFD-830B-A8FE6819A7C2}.Debug|x86.ActiveCfg = Debug|Win32
		{12BF6DA6-0BDB-4BFD-830B-A8FE6819A7C2}.Debug|x86.Build.0 = Debug|Win32
		{12BF6DA6-0BDB-4BFD-830B-A8FE6819A7C2}.Release|x64.ActiveCfg = Release|x64
		{12BF6DA6-0BDB-4BFD-830B-A8FE6819A7C2}.Release|x64.Build.0 = Release|x64
		{12BF6DA6-0BDB-4BFD-830B-A8FE6819A7C2}.Release|x86.ActiveCfg = Release|Win32
		{12BF6DA6-0BDB-4BFD-830B-A8FE6819A7C2}.Release|x86.Build.0 = Release|Win32
		{48316BD2-EEF8-4744-A109-11E9E80E2F54}.Debug|x64.ActiveCfg = Debug|x64
		{48316BD2-EEF8-4744-A109-11E9E80E2F54}.Debug|x64.Build.0 = Debug|x64
		{48316BD2-EEF8-4744-A109-11E9E80E2F54}.Debug|x86.ActiveCfg = Debug|Win32
		{48316BD2-EEF8-4744-A109-11E9E80E2F54}.Debug|x86.Build.0 = Debug|Win32
		{48316BD2-EEF8-4744-A109-11E9E80E2F54}.Release|x64.ActiveCfg = Release|x64
		{48316BD2-EEF8-4744-A109-11E9E80E2F54}.Release|x64.Build.0 = Release|x64
		{48316BD2-EEF8-4744-A109-11E9E80E2F54}.Release|x86.ActiveCfg = Release|Win32
		{48316BD2-EEF8-4744-A109-11E9E80E2F54}.Release|x86.Build.0 = Release|Win32
		{0439FC12-2462-490F-BE08-4379B1684453}.Debug|x64.ActiveCfg = Debug|x64
		{0439FC12-2462-490F-BE08-4379B1684453}.Debug|x64.Build.0 = Debug|x64
		{0439FC12-2462-490F-BE08-4379B1684453}.Debug|x86.ActiveCfg = Debug|Win32
		{0439FC12-2462-490F-BE08-4379B1684453}.Debug|x86.Build.0 = Debug|Win32
		{0439FC12-2462-490F-BE08-4379B1684453}.Release|x64.ActiveCfg = Release|x64
		{0439FC12-2462-490F-BE08-4379B1684453}.Release|x64.Build.0 = Release|x64
		{0439FC12-2462-490F-BE08-4379B1684453}.Release|x86.ActiveCfg = Release|Win32
		{0439FC12-2462-490F-BE08-4379B1684453}.Release|x86.Build.0 = Release|Win32
		{E48B5EA7-C904-43F6-9B27-7DFD76C5BEC6}.Debug|x64.ActiveCfg = Debug|x64
		{E48B5EA7-C904-43F6-9B27-7DFD76C5BEC6}.Debug|x64.Build.0 = Debug|x64
		{E48B5EA7-C904-43F6-9B27-7DFD76C5BEC6}.Debug|x86.ActiveCfg = Debug|Win32
		{E48B5EA7-C904-43F6-9B27-7DFD76C5BEC6}.Debug|x86.Build.0 = Debug|Win32
		{E48B5EA7-C904-43F6-9B27-7DFD76C5BEC6}.Release|x64.ActiveCfg = Release|x64
		{E48B5EA7-C904-43F6-9B27-7DFD76C5BEC6}.Release|x64.Build.0 = Release|x64
		{E48B5EA7-C904-43F6-9B27-7DFD76C5BEC6}.Release|x86.ActiveCfg = Release|Win32
		{E48B5EA7-C904-43F6-9B27-7DFD76C5BEC6}.Release|x86.Build.0 = Release|Win32
		{90379A01-BF14-477E-BB96-3CBC25DADB15}.Debug|x64.ActiveCfg = Debug|x64
		{90379A01-BF14-477E-BB96-3CBC25DADB15}.Debug|x64.Build.0 = Debug|x64
		{90379A01-BF14-477E-BB96-3CBC25DADB15}.Debug|x86.ActiveCfg = Debug|Win32
		{90379A01-BF14-477E-BB96-3CBC25DADB15}.Debug|x86.Build.0 = Debug|Win32
		{90379A01-BF14-477E-BB96-3CBC25DADB15}.Release|x64.ActiveCfg = Release|x64
		{90379A01-BF14-477E-BB96-3CBC25DADB15}.Release|x64.Build.0 = Release|x64
		{90379A01-BF14-477E-BB96-3CBC25DADB15}.Release|x86.ActiveCfg = Release|Win32
		{90379A01-BF14-477E-BB96-3CBC25DADB15}.Release|x86.Build.0 = Release|Win32
		{362F632C-E185-49E6-95E5-0C19D6A02848}.Debug|x64.ActiveCfg = Debug|x64
		{362F632C-E185-49E6-95E5-0C19D6A02848}.Debug|x64.Build.0 = Debug|x64
		{362F632C-E185-49E6-95E5-0C19D6A02848}.Debug|x86.ActiveCfg = Debug|Win32
		{362F632C-E185-49E6-95E5-0C19D6A02848}.Debug|x86.Build.0 = Debug|Win32
		{362F632C-E185-49E6-95E5-0C19D6A02848}.Release|x64.ActiveCfg = Release|x64
		{362F632C-E185-49E6-95E5-0C19D6A02848}.Release|x64.Build.0 = Release|x64
		{362F632C-E185-49E6-95E5-0C19D6A02848}.Release|x86.ActiveCfg = Release|Win32
		{362F632C-E185-49E6-95E5-0C19D6A02848}.Release|x86.Build.0 = Release|Win32
		{0732B09C-C347-43CB-983B-45E5A36A944B}.Debug|x64.ActiveCfg = Debug|x64
		{0732B09C-C347-43CB-983B-45E5A36A944B}.Debug|x64.Build.0 = Debug|x64
		{0732B09C-C347-43CB-983B-45E5A36A944B}.Debug|x86.ActiveCfg = Debug|Win32
		{0732B09C-C347-43CB-983B-45E5A36A944B}.Debug|x86.Build.0 = Debug|Win32
		{0732B09C-C347-43CB-983B-45E5A36A944B}.Release|x64.ActiveCfg = Release|x64
		{0732B09C-C347-43CB-983B-45E5A36A944B}.Release|x64.Build.0 = Release|x64
		{0732B09C-C347-43CB-983B-45E5A36A944B}.Release|x86.ActiveCfg = Release|Win32
		{0732B09C-C347-43CB-983B-45E5A36A944B}.Release|x86.Build.0 = Release|Win32
		{3108F164-5E7C-4A51-87F4-4A071161685B}.Debug|x64.ActiveCfg = Debug|x64
		{3108F164-5E7C-4A51-87F4-4A071161685B}.Debug|x64.Build.0 = Debug|x64
		{3108F164-5E7C-4A51-87F4-4A071161685B}.Debug|x86.ActiveCfg = Debug|Win32
		{3108F164-5E7C-4A51-87F4-4A071161685B}.Debug|x86.Build.0 = Debug|Win32
		{3108F164-5E7C-4A51-87F4-4A071161685B}.Release|x64.ActiveCfg = Release|x64
		{3108F164-5E7C-4A51-87F4-4A071161685B}.Release|x64.Build.0 = Release|x64
		{3108F164-5E7C-4A51-87F4-4A071161685B}.Release|x86.ActiveCfg = Release|Win32
		{3108F164-5E7C-4A51-87F4-4A071161685B}.Release|x86.Build.0 = Release|Win32
		{C568030F-BF1D-4E69-B524-C7FEB82A7879}.Debug|x64.ActiveCfg = Debug|x64
		{C568030F-BF1D-4E69-B524-C7FEB82A7879}.Debug|x64.Build.0 = Debug|x64
		{C568030F-BF1D-4E69-B524-C7FEB82A7879}.Debug|x86.ActiveCfg = Debug|Win32
		{C568030F-BF1D-4E69-B524-C7FEB82A7879}.Debug|x86.Build.0 = Debug|Win32
		{C568030F-BF1D-4E69-B524-C7FEB82A7879}.Release|x64.ActiveCfg = Release|x64
		{C568030F-BF1D-4E69-B524-C7FEB82A7879}.Release|x64.Build.0 = Release|x64
		{C568030F-BF1D-4E69-B524-C7FEB82A7879}.Release|x86.ActiveCfg = Release|Win32
		{C568030F-BF1D-4E69-B524-C7FEB82A7879}.Release|x86.Build.0 = Release|Win32
		{9CB9026C-73F3-4581-93FE-BCF01FE5D710}.Debug|x64.ActiveCfg = Debug|x64
		{9CB9026C-73F3-4581-93FE-BCF01FE5D710}.Debug|x64.Build.0 = Debug|x64
		{9CB9026C-73F3-4581-93FE-BCF01FE5D710}.Debug|x86.ActiveCfg = Debug|Win32
		{9CB9026C-73F3-4581-93FE-BCF01FE5D710}.Debug|x86.Build.0 = Debug|Win32
		{9CB9026C-73F3-4581-93FE-BCF01FE5D710}.Release|x64.ActiveCfg = Release|x64
		{9CB9026C-73F3-4581-93FE-BCF01FE5D710}.Release|x64.Build.0 = Release|x64
		{9CB9026C-73F3-4581-93FE-BCF01FE5D710}.Release|x86.ActiveCfg = Release|Win32
		{9CB9026C-73F3-4581-93FE-BCF01FE5D710}.Release|x86.Build.0 = Release|Win32
		{BACD8C72-94A6-4F50-B474-18E5DA0ABAA8}.Debug|x64.ActiveCfg = Debug|x64
		{BACD8C72-94A6-4F50-B474-18E5DA0ABAA8}.Debug|x64.Build.0 = Debug|x64
		{BACD8C72-94A6-4F50-B474-18E5DA0ABAA8}.Debug|x86.ActiveCfg = Debug|Win32
		{BACD8C72-94A6-4F50-B474-18E5DA0ABAA8}.Debug|x86.Build.0 = Debug|Win32
		{BACD8C72-94A6-4F50-B474-18E5DA0ABAA8}.Release|x64.ActiveCfg = Release|x64
		{BACD8C72-94A6-4F50-B474-18E5DA0ABAA8}.Release|x64.Build.0 = Release|x64
		{BACD8C72-94A6-4F50-B474-18E5DA0ABAA8}.Release|x86.ActiveCfg = Release|Win32
		{BACD8C72-94A6-4F50-B474-18E5DA0ABAA8}.Release|x86.Build.0 = Release|Win32
		{CF4DFD8E-521E-4BB1-8550-AF49D230E112}.Debug|x64.ActiveCfg = Debug|x64
		{CF4DFD8E-521E-4BB1-8550-AF49D230E112}.Debug|x64.Build.0 = Debug|x64
		{CF4DFD8E-521E-4BB1-8550-AF49D230E112}.Debug|x86.ActiveCfg = Debug|Win32
		{CF4DFD8E-521E-4BB1-8550-AF49D230E112}.Debug|x86.Build.0 = Debug|Win32
		{CF4DFD8E-521E-4BB1-8550-AF49D230E112}.Release|x64.ActiveCfg = Release|x64
		{CF4DFD8E-521E-4BB1-8550-AF49D230E112}.Release|x64.Build.0 = Release|x64
		{CF4DFD8E-521E-4BB1-8550-AF49D230E112}.Release|x86.ActiveCfg = Release|Win32
		{CF4DFD8E-521E-4BB1-8550-AF49D230E112}.Release|x86.Build.0 = Release|Win32
		{6AC99C48-1FEA-46E7-812F-F95541A04B33}.Debug|x64.ActiveCfg = Debug|x64
		{6AC99C48-1FEA-46E7-812F-F95541A04B33}.Debug|x64.Build.0 = Debug|x64
		{6AC99C48-1FEA-46E7-812F-F95541A04B33}.Debug|x86.ActiveCfg = Debug|Win32
		{6AC99C48-1FEA-46E7-812F-F95541A04B33}.Debug|x86.Build.0 = Debug|Win32
		{6AC99C48-1FEA-46E7-812F-F95541A04B33}.Release|x64.ActiveCfg = Release|x64
		{6AC99C48-1FEA-46E7-812F-F95541A04B33}.Release|x64.Build.0 = Release|x64
		{6AC99C48-1FEA-46E7-812F-F95541A04B33}.Release|x86.ActiveCfg = Release|Win32
		{6AC99C48-1FEA-46E7-812F-F95541A04B33}.Release|x86.Build.0 = Release|Win32
		{B4506BEC-FE6F-4E48-87E0-E24C046F44DB}.Debug|x64.ActiveCfg = Debug|x64
		{B4506BEC-FE6F-4E48-87E0-E24C046F44DB}.Debug|x64.Build.0 = Debug|x64
		{B4506BEC-FE6F-4E48-87E0-E24C046F44DB}.Debug|x86.ActiveCfg = Debug|Win32
		{B4506BEC-FE6F-4E48-87E0-E24C046F44DB}.Debug|x86.Build.0 = Debug|Win32
		{B4506BEC-FE6F-4E48-87E0-E24C046F44DB}.Release|x64.ActiveCfg = Release|x64
		{B4506BEC-FE6F-4E48-87E0-E24C046F44DB}.Release|x64.Build.0 = Release|x64
		{B4506BEC-FE6F-4E48-87E0-E24C046F44DB}.Release|x86.ActiveCfg = Release|Win32
		{B4506BEC-FE6F-4E48-87E0-E24C046F44DB}.Release|x86.Build.0 = Release|Win32
		{379A9A6B-01B5-4D87-88F4-D5A3AEA479F1}.Debug|x64.ActiveCfg = Debug|x64
		{379A9A6B-01B5-4D87-88F4-D5A3AEA479F1}.Debug|x64.Build.0 = Debug|x64
		{379A9A6B-01B5-4D87-88F4-D5A3AEA479F1}.Debug|x86.ActiveCfg = Debug|Win32
		{379A9A6B-01B5-4D87-88F4-D5A3AEA479F1}.Debug|x86.Build.0 = Debug|Win32
		{379A9A6B-01B5-4D87-88F4-D5A3AEA479F1}.Release|x64.ActiveCfg = Release|x64
		{379A9A6B-01B5-4D87-88F4-D5A3AEA479F1}.Release|x64.Build.0 = Release|x64
		{379A9A6B-01B5-4D87-88F4-D5A3AEA479F1}.Release|x86.ActiveCfg = Release|Win32
		{379A9A6B-01B5-4D87-88F4-D5A3AEA479F1}.Release|x86.Build.0 = Release|Win32
		{A07486E6-059F-4878-91FA-05C7B95A2E3E}.Debug|x64.ActiveCfg = Debug|x64
		{A07486E6-059F-4878-91FA-05C7B95A2E3E}.Debug|x64.Build.0 = Debug|x64
		{A07486E6-059F-4878-91FA-05C7B95A2E3E}.Debug|x86.ActiveCfg = Debug|Win32
		{A07486E6-059F-4878-91FA-05C7B95A2E3E}.Debug|x86.Build.0 = Debug|Win32
		{A07486E6-059F-4878-91FA-05C7B95A2E3E}.Release|x64.ActiveCfg = Release|x64
		{A07486E6-059F-4878-91FA-05C7B95A2E3E}.Release|x64.Build.0 = Release|x64
		{A07486E6-059F-4878-91FA-05C7B95A2E3E}.Release|x86.ActiveCfg = Release|Win32
		{A07486E6-059F-4878-91FA-05C7B95A2E3E}.Release|x86.Build.0 = Release|Win32
		{C1B2A5C4-188A-4665-A3A0-A9488F035BA0}.Debug|x64.ActiveCfg = Debug|x64
		{C1B2A5C4-188A-4665-A3A0-A9488F035BA0}.Debug|x64.Build.0 = Debug|x64
		{C1B2A5C4-188A-4665-A3A0-A9488F035BA0}.Debug|x86.ActiveCfg = Debug|Win32
		{C1B2A5C4-188A-4665-A3A0-A9488F035BA0}.Debug|x86.Build.0 = Debug|Win32
		{C1B2A5C4-188A-4665-A3A0-A9488F035BA0}.Release|x64.ActiveCfg = Release|x64
		{C1B2A5C4-188A-4665-A3A0-A9488F035BA0}.Release|x64.Build.0 = Release|x64
		{C1B2A5C4-188A-4665-A3A0-A9488F035BA0}.Release|x86.ActiveCfg = Release|Win32
		{C1B2A5C4-188A-4665-A3A0-A9488F035BA0}.Release|x86.Build.0 = Release|Win32
		{D271E7AC-F784-41E2-8C8E-6317E81D3D1F}.Debug|x64.ActiveCfg = Debug|x64
		{D271E7AC-F784-41E2-8C8E-6317E81D3D1F}.Debug|x64.Build.0 = Debug|x64
		{D271E7AC-F784-41E2-8C8E-6317E81D3D1F}.Debug|x86.ActiveCfg = Debug|Win32
		{D271E7AC-F784-41E2-8C8E-6317E81D3D1F}.Debug|x86.Build.0 = Debug|Win32
		{D271E7AC-F784-41E2-8C8E-6317E81D3D1F}.Release|x64.ActiveCfg = Release|x64
		{D271E7AC-F784-41E2-8C8E-6317E81D3D1F}.Release|x64.Build.0 = Release|x64
		{D271E7AC-F784-41E2-8C8E-6317E81D3D1F}.Release|x86.ActiveCfg = Release|Win32
		{D271E7AC-F784-41E2-8C8E-6317E81D3D1F}.Release|x86.Build.0 = Release|Win32
		{112B975A-7D23-42AB-8200-B3CB6FF625D7}.Debug|x64.ActiveCfg = Debug|x64
		{112B975A-7D23-42AB-8200-B3CB6FF625D7}.Debug|x64.Build.0 = Debug|x64
		{112B975A-7D23-42AB-8200-B3CB6FF625D7}.Debug|x86.ActiveCfg = Debug|Win32
		{112B975A-7D23-42AB-8200-B3CB6FF625D7}.Debug|x86.Build.0 = Debug|Win32
		{112B975A-7D23-42AB-8200-B3CB6FF625D7}.Release|x64.ActiveCfg = Release|x64
		{112B975A-7D23-42AB-8200-B3CB6FF625D7}.Release|x64.Build.0 = Release|x64
		{112B975A-7D23-42AB-8200-B3CB6FF625D7}.Release|x86.ActiveCfg = Release|Win32
		{112B975A-7D23-42AB-8200-B3CB6FF625D7}.Release|x86.Build.0 = Release|Win32
		{E2919A9A-546B-4CB7-8C50-D204BAE9BCBD}.Debug|x64.ActiveCfg = Debug|x64
		{E2919A9A-546B-4CB7-8C50-D204BAE9BCBD}.Debug|x64.Build.0 = Debug|x64
		{E2919A9A-546B-4CB7-8C50-D204BAE9BCBD}.Debug|x86.ActiveCfg = Debug|Win32
		{E2919A9A-546B-4CB7-8C50-D204BAE9BCBD}.Debug|x86.Build.0 = Debug|Win32
		{E2919A9A-546B-4CB7-8C50-D204BAE9BCBD}.Release|x64.ActiveCfg = Release|x64
		{E2919A9A-546B-4CB7-8C50-D204BAE9BCBD}.Release|x64.Build.0 = Release|x64
		{E2919A9A-546B-4CB7-8C50-D204BAE9BCBD}.Release|x86.ActiveCfg = Release|Win32
		{E2919A9A-546B-4CB7-8C50-D204BAE9BCBD}.Release|x86.Build.0 = Release|Win32
		{6A5063DD-05A7-4D71-98C9-8B7A0546A308}.Debug|x64.ActiveCfg = Debug|x64
		{6A5063DD-05A7-4D71-98C9-8B7A0546A308}.Debug|x64.Build.0 = Debug|x64
		{6A5063DD-05A7-4D71-98C9-8B7A0546A308}.Debug|x86.ActiveCfg = Debug|Win32
		{6A5063DD-05A7-4D71-98C9-8B7A0546A308}.Debug|x86.Build.0 = Debug|Win32
		{6A5063DD-05A7-4D71-98C9-8B7A0546A308}.Release|x64.ActiveCfg = Release|x64
		{6A5063DD-05A7-4D71-98C9-8B7A0546A308}.Release|x64.Build.0 = Release|x64
		{6A5063DD-05A7-4D71-98C9-8B7A0546A308}.Release|x86.ActiveCfg = Release|Win32
		{6A5063DD-05A7-4D71-98C9-8B7A0546A308}.Release|x86.Build.0 = Release|Win32
		{54FA1D08-6F99-41F5-B018-371053D332F5}.Debug|x64.ActiveCfg = Debug|x64
		{54FA1D08-6F99-41F5-B018-371053D332F5}.Debug|x64.Build.0 = Debug|x64
		{54FA1D08-6F99-41F5-B018-371053D332F5}.Debug|x86.ActiveCfg = Debug|Win32
		{54FA1D08-6F99-41F5-B018-371053D332F5}.Debug|x86.Build.0 = Debug|Win32
		{54FA1D08-6F99-41F5-B018-371053D332F5}.Release|x64.ActiveCfg = Release|x64
		{54FA1D08-6F99-41F5-B018-371053D332F5}.Release|x64.Build.0 = Release|x64
		{54FA1D08-6F99-41F5-B018-371053D332F5}.Release|x86.ActiveCfg = Release|Win32
		{54FA1D08-6F99-41F5-B018-371053D332F5}.Release|x86.Build.0 = Release|Win32
		{407BB1E2-10D7-4AB8-9E0F-24A503FBC6F6}.Debug|x64.ActiveCfg = Debug|x64
		{407BB1E2-10D7-4AB8-9E0F-24A503FBC6F6}.Debug|x64.Build.0 = Debug|x64
		{407BB1E2-10D7-4AB8-9E0F-24A503FBC6F6}.Debug|x86.ActiveCfg = Debug|Win32
		{407BB1E2-10D7-4AB8-9E0F-24A503FBC6F6}.Debug|x86.Build.0 = Debug|Win32
		{407BB1E2-10D7-4AB8-9E0F-24A503FBC6F6}.Release|x64.ActiveCfg = Release|x64
		{407BB1E2-10D7-4AB8-9E0F-24A503FBC6F6}.Release|x64.Build.0 = Release|x64
		{407BB1E2-10D7-4AB8-9E0F-24A503FBC6F6}.Release|x86.ActiveCfg = Release|Win32
		{407BB1E2-10D7-4AB8-9E0F-24A503FBC6F6}.Release|x86.Build.0 = Release|Win32
		{65F4A9F9-FD3E-40AB-BB2E-041CEB04ECA9}.Debug|x64.ActiveCfg = Debug|x64
		{65F4A9F9-FD3E-40AB-BB2E-041CEB04ECA9}.Debug|x64.Build.0 = Debug|x64
		{65F4A9F9-FD3E-40AB-BB2E-041CEB04ECA9}.Debug|x86.ActiveCfg = Debug|Win32
		{65F4A9F9-FD3E-40AB-BB2E-041CEB04ECA9}.Debug|x86.Build.0 = Debug|Win32
		{65F4A9F9-FD3E-40AB-BB2E-041CEB04ECA9}.Release|x64.ActiveCfg = Release|x64
		{65F4A9F9-FD3E-40AB-BB2E-041CEB04ECA9}.Release|x64.Build.0 = Release|x64
		{65F4A9F9-FD3E-40AB-BB2E-041CEB04ECA9}.Release|x86.ActiveCfg = Release|Win32
		{65F4A9F9-FD3E-40AB-BB2E-041CEB04ECA9}.Release|x86.Build.0 = Release|Win32
		{99B391C7-FF08-443D-A0BC-F7C2B91B6780}.Debug|x64.ActiveCfg = Debug|x64
		{99B391C7-FF08-443D-A0BC-F7C2B91B6780}.Debug|x64.Build.0 = Debug|x64
		{99B391C7-FF08-443D-A0BC-F7C2B91B6780}.Debug|x86.ActiveCfg = Debug|Win32
		{99B391C7-FF08-443D-A0BC-F7C2B91B6780}.Debug|x86.Build.0 = Debug|Win32
		{99B391C7-FF08-443D-A0BC-F7C2B91B6780}.Release|x64.ActiveCfg = Release|x64
		{99B391C7-FF08-443D-A0BC-F7C2B91B6780}.Release|x64.Build.0 = Release|x64
		{99B391C7-FF08-443D-A0BC-F7C2B91B6780}.Release|x86.ActiveCfg = Release|Win32
		{99B391C7-FF08-443D-A0BC-F7C2B91B6780}.Release|x86.Build.0 = Release|Win32
		{51EAF05E-1A2E-48E2-ACDA-A2F4B8864B6D}.Debug|x64.ActiveCfg = Debug|x64
		{51EAF05E-1A2E-48E2-ACDA-A2F4B8864B6D}.Debug|x64.Build.0 = Debug|x64
		{51EAF05E-1A2E-48E2-ACDA-A2F4B8864B6D}.Debug|x86.ActiveCfg = Debug|Win32
		{51EAF05E-1A2E-48E2-ACDA-A2F4B8864B6D}.Debug|x86.Build.0 = Debug|Win32
		{51EAF05E-1A2E-48E2-ACDA-A2F4B8864B6D}.Release|x64.ActiveCfg = Release|x64
		{51EAF05E-1A2E-48E2-ACDA-A2F4B8864B6D}.Release|x64.Build.0 = Release|x64
		{51EAF05E-1A2E-48E2-ACDA-A2F4B8864B6D}.Release|x86.ActiveCfg = Release|Win32
		{51EAF05E-1A2E-48E2-ACDA-A2F4B8864B6D}.Release|x86.Build.0 = Release|Win32
		{61D34AAC-88B1-4268-A354-6DB4D8D5B699}.Debug|x64.ActiveCfg = Debug|x64
		{61D34AAC-88B1-4268-A354-6DB4D8D5B699}.Debug|x64.Build.0 = Debug|x64
		{61D34AAC-88B1-4268-A354-6DB4D8D5B699}.Debug|x86.ActiveCfg = Debug|Win32
		{61D34AAC-88B1-4268-A354-6DB4D8D5B699}.Debug|x86.Build.0 = Debug|Win32
		{61D34AAC-88B1-4268-A354-6DB4D8D5B699}.Release|x64.ActiveCfg = Release|x64
		{61D34AAC-88B1-4268-A354-6DB4D8D5B699}.Release|x64.Build.0 = Release|x64
		{61D34AAC-88B1-4268-A354-6DB4D8D5B699}.Release|x86.ActiveCfg = Release|Win32
		{61D34AAC-88B1-4268-A354-6DB4D8D5B699}.Release|x86.Build.0 = Release|Win32
		{DFA10FA3-2962-467F-9BD5-BCA8E3A2256F}.Debug|x64.ActiveCfg = Debug|x64
		{DFA10FA3-2962-467F-9BD5-BCA8E3A2256F}.Debug|x64.Build.0 = Debug|x64
		{DFA10FA3-2962-467F-9BD5-BCA8E3A2256F}.Debug|x86.ActiveCfg = Debug|Win32
		{DFA10FA3-2962-467F-9BD5-BCA8E3A2256F}.Debug|x86.Build.0 = Debug|Win32
		{DFA10FA3-2962-467F-9BD5-BCA8E3A2256F}.Release|x64.ActiveCfg = Release|x64
		{DFA10FA3-2962-467F-9BD5-BCA8E3A2256F}.Release|x64.Build.0 = Release|x64
		{DFA10FA3-2962-467F-9BD5-BCA8E3A2256F}.Release|x86.ActiveCfg = Release|Win32
		{DFA10FA3-2962-467F-9BD5-BCA8E3A2256F}.Release|x86.Build.0 = Release|Win32
		{D89EF275-CAB3-4955-A2DA-B626171AC644}.Debug|x64.ActiveCfg = Debug|x64
		{D89EF275-CAB3-4955-A2DA-B626171AC644}.Debug|x64.Build.0 = Debug|x64
		{D89EF275-CAB3-4955-A2DA-B626171AC644}.Debug|x86.ActiveCfg = Debug|Win32
		{D89EF275-CAB3-4955-A2DA-B626171AC644}.Debug|x86.Build.0 = Debug|Win32
		{D89EF275-CAB3-4955-A2DA-B626171AC644}.Release|x64.ActiveCfg = Release|x64
		{D89EF275-CAB3-4955-A2DA-B626171AC644}.Release|x64.Build.0 = Release|x64
		{D89EF275-CAB3-4955-A2DA-B626171AC644}.Release|x86.ActiveCfg = Release|Win32
		{D89EF275-CAB3-4955-A2DA-B626171AC644}.Release|x86.Build.0 = Release|Win32
		{EF4A2D5A-DF8A-463A-9763-BCD011F8C9A9}.Debug|x64.ActiveCfg = Debug|x64
		{EF4A2D5A-DF8A-463A-9763-BCD011F8C9A9}.Debug|x64.Build.0 = Debug|x64
		{EF4A2D5A-DF8A-463A-9763-BCD011F8C9A9}.Debug|x86.ActiveCfg = Debug|Win32
		{EF4A2D5A-DF8A-463A-9763-BCD011F8C9A9}.Debug|x86.Build.0 = Debug|Win32
		{EF4A2D5A-DF8A-463A-9763-BCD011F8C9A9}.Release|x64.ActiveCfg = Release|x64
		{EF4A2D5A-DF8A-463A-9763-BCD011F8C9A9}.Release|x64.Build.0 = Release|x64
		{EF4A2D5A-DF8A-463A-9763-BCD011F8C9A9}.Release|x86.ActiveCfg = Release|Win32
		{EF4A2D5A-DF8A-463A-9763-BCD011F8C9A9}.Release|x86.Build.0 = Release|Win32
		{900D21B3-6488-47E9-9664-BB45745621E2}.Debug|x64.ActiveCfg = Debug|x64
		{900D21B3-6488-47E9-9664-BB45745621E2}.Debug|x64.Build.0 = Debug|x64
		{900D21B3-6488-47E9-9664-BB45745621E2}.Debug|x86.ActiveCfg = Debug|Win32
		{900D21B3-6488-47E9-9664-BB45745621E2}.Debug|x86.Build.0 = Debug|Win32
		{900D21B3-6488-47E9-9664-BB45745621E2}.Release|x64.ActiveCfg = Release|x64
		{900D21B3-6488-47E9-9664-BB45745621E2}.Release|x64.Build.0 = Release|x64
		{900D21B3-6488-47E9-9664-BB45745621E2}.Release|x86.ActiveCfg = Release|Win32
		{900D21B3-6488-47E9-9664-BB45745621E2}.Release|x86.Build.0 = Release|Win32
		{022F68DC-B330-4EBB-A472-9006A18FF9F0}.Debug|x64.ActiveCfg = Debug|x64
		{022F68DC-B330-4EBB-A472-9006A18FF9F0}.Debug|x64.Build.0 = Debug|x64
		{022F68DC-B330-4EBB-A472-9006A18FF9F0}.Debug|x86.ActiveCfg = Debug|Win32
		{022F68DC-B330-4EBB-A472-9006A18FF9F0}.Debug|x86.Build.0 = Debug|Win32
		{022F68DC-B330-4EBB-A472-9006A18FF9F0}.Release|x64.ActiveCfg = Release|x64
		{022F68DC-B330-4EBB-A472-9006A18FF9F0}.Release|x64.Build.0 = Release|x64
		{022F68DC-B330-4EBB-A472-9006A18FF9F0}.Release|x86.ActiveCfg = Release|Win32
		{022F68DC-B330-4EBB-A472-9006A18FF9F0}.Release|x86.Build.0 = Release|Win32
		{2A632BE9-FF06-4BD6-B22E-F500F50B15B9}.Debug|x64.ActiveCfg = Debug|x64
		{2A632BE9-FF06-4BD6-B22E-F500F50B15B9}.Debug|x64.Build.0 = Debug|x64
		{2A632BE9-FF06-4BD6-B22E-F500F50B15B9}.Debug|x86.ActiveCfg = Debug|Win32
		{2A632BE9-FF06-4BD6-B22E-F500F50B15B9}.Debug|x86.Build.0 = Debug|Win32
		{2A632BE9-FF06-4BD6-B22E-F500F50B15B9}.Release|x64.ActiveCfg = Release|x64
		{2A632BE9-FF06-4BD6-B22E-F500F50B15B9}.Release|x64.Build.0 = Release|x64
		{2A632BE9-FF06-4BD6-B22E-F500F50B15B9}.Release|x86.ActiveCfg = Release|Win32
		{2A632BE9-FF06-4BD6-B22E-F500F50B15B9}.Release|x86.Build.0 = Release|Win32
		{0403D6B1-8459-457F-B1C5-5466A63A929A}.Debug|x64.ActiveCfg = Debug|x64
		{0403D6B1-8459-457F-B1C5-5466A63A929A}.Debug|x64.Build.0 = Debug|x64
		{0403D6B1-8459-457F-B1C5-5466A63A929A}.Debug|x86.ActiveCfg = Debug|Win32
		{0403D6B1-8459-457F-B1C5-5466A63A929A}.Debug|x86.Build.0 = Debug|Win32
		{0403D6B1-8459-457F-B1C5-5466A63A929A}.Release|x64.ActiveCfg = Release|x64
		{0403D6B1-8459-457F-B1C5-5466A63A929A}.Release|x64.Build.0 = Release|x64
		{0403D6B1-8459-457F-B1C5-5466A63A929A}.Release|x86.ActiveCfg = Release|Win32
		{0403D6B1-8459-457F-B1C5-5466A63A929A}.Release|x86.Build.0 = Release|Win32
		{718D0864-E302-4C46-B16B-3511DF158595}.Debug|x64.ActiveCfg = Debug|x64
		{718D0864-E302-4C46-B16B-3511DF158595}.Debug|x64.Build.0 = Debug|x64
		{718D0864-E302-4C46-B16B-3511DF158595}.Debug|x86.ActiveCfg = Debug|Win32
		{718D0864-E302-4C46-B16B-3511DF158595}.Debug|x86.Build.0 = Debug|Win32
		{718D0864-E302-4C46-B16B-3511DF158595}.Release|x64.ActiveCfg = Release|x64
		{718D0864-E302-4C46-B16B-3511DF158595}.Release|x64.Build.0 = Release|x64
		{718D0864-E302-4C46-B16B-3511DF158595}.Release|x86.ActiveCfg = Release|Win32
		{718D0864-E302-4C46-B16B-3511DF158595}.Release|x86.Build.0 = Release|Win32
		{A7762BC5-7FB3-47EA-BFEA-E99F2A181131}.Debug|x64.ActiveCfg = Debug|x64
		{A7762BC5-7FB3-47EA-BFEA-E99F2A181131}.Debug|x64.Build.0 = Debug|x64
		{A7762BC5-7FB3-47EA-BFEA-E99F2A181131}.Debug|x86.ActiveCfg = Debug|Win32
		{A7762BC5-7FB3-47EA-BFEA-E99F2A181131}.Debug|x86.Build.0 = Debug|Win32
		{A7762BC5-7FB3-47EA-BFEA-E99F2A181131}.Release|x64.ActiveCfg = Release|x64
		{A7762BC5-7FB3-47EA-BFEA-E99F2A181131}.Release|x64.Build.0 = Release|x64
		{A7762BC5-7FB3-47EA-BFEA-E99F2A181131}.Release|x86.ActiveCfg = Release|Win32
		{A7762BC5-7FB3-47EA-BFEA-E99F2A181131}.Release|x86.Build.0 = Release|Win32
		{04742206-DF48-4DC7-9559-24977BF836CD}.Debug|x64.ActiveCfg = Debug|x64
		{04742206-DF48-4DC7-9559-24977BF836CD}.Debug|x64.Build.0 = Debug|x64
		{04742206-DF48-4DC7-9559-24977BF836CD}.Debug|x86.ActiveCfg = Debug|Win32
		{04742206-DF48-4DC7-9559-24977BF836CD}.Debug|x86.Build.0 = Debug|Win32
		{04742206-DF48-4DC7-9559-24977BF836CD}.Release|x64.ActiveCfg = Release|x64
		{04742206-DF48-4DC7-9559-24977BF836CD}.Release|x64.Build.0 = Release|x64
		{04742206-DF48-4DC7-9559-24977BF836CD}.Release|x86.ActiveCfg = Release|Win32
		{04742206-DF48-4DC7-9559-24977BF836CD}.Release|x86.Build.0 = Release|Win32
		{B1D51058-4FB5-484B-88C3-EC2465866436}.Debug|x64.ActiveCfg = Debug|x64
		{B1D51058-4FB5-484B-88C3-EC2465866436}.Debug|x64.Build.0 = Debug|x64
		{B1D51058-4FB5-484B-88C3-EC2465866436}.Debug|x86.ActiveCfg = Debug|Win32
		{B1D51058-4FB5-484B-88C3-EC2465866436}.Debug|x86.Build.0 = Debug|Win32
		{B1D51058-4FB5-484B-88C3-EC2465866436}.Release|x64.ActiveCfg = Release|x64
		{B1D51058-4FB5-484B-88C3-EC2465866436}.Release|x64.Build.0 = Release|x64
		{B1D51058-4FB5-484B-88C3-EC2465866436}.Release|x86.ActiveCfg = Release|Win32
		{B1D51058-4FB5-484B-88C3-EC2465866436}.Release|x86.Build.0 = Release|Win32
		{F181D045-01CF-4DE1-BA5D-397A5F509FD5}.Debug|x64.ActiveCfg = Debug|x64
		{F181D045-01CF-4DE1-BA5D-397A5F509FD5}.Debug|x64.Build.0 = Debug|x64
		{F181D045-01CF-4DE1-BA5D-397A5F509FD5}.Debug|x86.ActiveCfg = Debug|Win32
		{F181D045-01CF-4DE1-BA5D-397A5F509FD5}.Debug|x86.Build.0 = Debug|Win32
		{F181D045-01CF-4DE1-BA5D-397A5F509FD5}.Release|x64.ActiveCfg = Release|x64
		{F181D045-01CF-4DE1-BA5D-397A5F509FD5}.Release|x64.Build.0 = Release|x64
		{F181D045-01CF-4DE1-BA5D-397A5F509FD5}.Release|x86.ActiveCfg = Release|Win32
		{F181D045-01CF-4DE1-BA5D-397A5F509FD5}.Release|x86.Build.0 = Release|Win32
		{F0996862-2A43-4163-AF5B-1069D2A4A337}.Debug|x64.ActiveCfg = Debug|x64
		{F0996862-2A43-4163-AF5B-1069D2A4A337}.Debug|x64.Build.0 = Debug|x64
		{F0996862-2A43-4163-AF5B-1069D2A4A337}.Debug|x86.ActiveCfg = Debug|Win32
		{F0996862-2A43-4163-AF5B-1069D2A4A337}.Debug|x86.Build.0 = Debug|Win32
		{F0996862-2A43-4163-AF5B-1069D2A4A337}.Release|x64.ActiveCfg = Release|x64
		{F0996862-2A43-4163-AF5B-1069D2A4A337}.Release|x64.Build.0 = Release|x64
		{F0996862-2A43-4163-AF5B-1069D2A4A337}.Release|x86.ActiveCfg = Release|Win32
		{F0996862-2A43-4163-AF5B-1069D2A4A337}.Release|x86.Build.0 = Release|Win32
		{1CA560BF-89FB-4B77-AD7E-D4A28BD46651}.Debug|x64.ActiveCfg = Debug|x64
		{1CA560BF-89FB-4B77-AD7E-D4A28BD46651}.Debug|x64.Build.0 = Debug|x64
		{1CA560BF-89FB-4B77-AD7E-D4A28BD46651}.Debug|x86.ActiveCfg = Debug|Win32
		{1CA560BF-89FB-4B77-AD7E-D4A28BD46651}.Debug|x86.Build.0 = Debug|Win32
		{1CA560BF-89FB-4B77-AD7E-D4A28BD46651}.Release|x64.ActiveCfg = Release|x64
		{1CA560BF-89FB-4B77-AD7E-D4A28BD46651}.Release|x64.Build.0 = Release|x64
		{1CA560BF-89FB-4B77-AD7E-D4A28BD46651}.Release|x86.ActiveCfg = Release|Win32
		{1CA560BF-89FB-4B77-AD7E-D4A28BD46651}.Release|x86.Build.0 = Release|Win32
		{ED0D8BBB-8954-4CC4-850D-C19CF319B1CB}.Debug|x64.ActiveCfg = Debug|x64
		{ED0D8BBB-8954-4CC4-850D-C19CF319B1CB}.Debug|x64.Build.0 = Debug|x64
		{ED0D8BBB-8954-4CC4-850D-C19CF319B1CB}.Debug|x86.ActiveCfg = Debug|Win32
		{ED0D8BBB-8954-4CC4-850D-C19CF319B1CB}.Debug|x86.Build.0 = Debug|Win32
		{ED0D8BBB-8954-4CC4-850D-C19CF319B1CB}.Release|x64.ActiveCfg = Release|x64
		{ED0D8BBB-8954-4CC4-850D-C19CF319B1CB}.Release|x64.Build.0 = Release|x64
		{ED0D8BBB-8954-4CC4-850D-C19CF319B1CB}.Release|x86.ActiveCfg = Release|Win32
		{ED0D8BBB-8954-4CC4-850D-C19CF319B1CB}.Release|x86.Build.0 = Release|Win32
		{8014D5B9-BE89-4678-ACA9-23A51B261652}.Debug|x64.ActiveCfg = Debug|x64
		{8014D5B9-BE89-4678-ACA9-23A51B261652}.Debug|x64.Build.0 = Debug|x64
		{8014D5B9-BE89-4678-ACA9-23A51B261652}.Debug|x86.ActiveCfg = Debug|Win32
		{8014D5B9-BE89-4678-ACA9-23A51B261652}.Debug|x86.Build.0 = Debug|Win32
		{8014D5B9-BE89-4678-ACA9-23A51B261652}.Release|x64.ActiveCfg = Release|x64
		{8014D5B9-BE89-4678-ACA9-23A51B261652}.Release|x64.Build.0 = Release|x64
		{8014D5B9-BE89-4678-ACA9-23A51B261652}.Release|x86.ActiveCfg = Release|Win32
		{8014D5B9-BE89-4678-ACA9-23A51B261652}.Release|x86.Build.0 = Release|Win32
		{5749C1CF-18E7-4AFD-A5CB-AEE8A125E5B7}.Debug|x64.ActiveCfg = Debug|x64
		{5749C1CF-18E7-4AFD-A5CB-AEE8A125E5B7}.Debug|x64.Build.0 = Debug|x64
		{5749C1CF-18E7-4AFD-A5CB-AEE8A125E5B7}.Debug|x86.ActiveCfg = Debug|Win32
		{5749C1CF-18E7-4AFD-A5CB-AEE8A125E5B7}.Debug|x86.Build.0 = Debug|Win32
		{5749C1CF-18E7-4AFD-A5CB-AEE8A125E5B7}.Release|x64.ActiveCfg = Release|x64
		{5749C1CF-18E7-4AFD-A5CB-AEE8A125E5B7}.Release|x64.Build.0 = Release|x64
		{5749C1CF-18E7-4AFD-A5CB-AEE8A125E5B7}.Release|x86.ActiveCfg = Release|Win32
		{5749C1CF-18E7-4AFD-A5CB-AEE8A125E5B7}.Release|x86.Build.0 = Release|Win32
		{02082F30-D319-471F-BE38-F9BBD5A251E5}.Debug|x64.ActiveCfg = Debug|x64
		{02082F30-D319-471F-BE38-F9BBD5A251E5}.Debug|x64.Build.0 = Debug|x64
		{02082F30-D319-471F-BE38-F9BBD5A251E5}.Debug|x86.ActiveCfg = Debug|Win32
		{02082F30-D319-471F-BE38-F9BBD5A251E5}.Debug|x86.Build.0 = Debug|Win32
		{02082F30-D319-471F-BE38-F9BBD5A251E5}.Release|x64.ActiveCfg = Release|x64
		{02082F30-D319-471F-BE38-F9BBD5A251E5}.Release|x64.Build.0 = Release|x64
		{02082F30-D319-471F-BE38-F9BBD5A251E5}.Release|x86.ActiveCfg = Release|Win32
		{02082F30-D319-471F-BE38-F9BBD5A251E5}.Release|x86.Build.0 = Release|Win32
		{91CF09F0-0AD7-439F-B8ED-2288E09A7F83}.Debug|x64.ActiveCfg = Debug|x64
		{91CF09F0-0AD7-439F-B8ED-2288E09A7F83}.Debug|x64.Build.0 = Debug|x64
		{91CF09F0-0AD7-439F-B8ED-2288E09A7F83}.Debug|x86.ActiveCfg = Debug|Win32
		{91CF09F0-0AD7-439F-B8ED-2288E09A7F83}.Debug|x86.Build.0 = Debug|Win32
		{91CF09F0-0AD7-439F-B8ED-2288E09A7F83}.Release|x64.ActiveCfg = Release|x64
		{91CF09F0-0AD7-439F-B8ED-2288E09A7F83}.Release|x64.Build.0 = Release|x64
		{91CF09F0-0AD7-439F-B8ED-2288E09A7F83}.Release|x86.ActiveCfg = Release|Win32
		{91CF09F0-0AD7-439F-B8ED-2288E09A7F83}.Release|x86.Build.0 = Release|Win32
		{F3A94EDF-064B-4478-AB9A-6F4657783BC7}.Debug|x64.ActiveCfg = Debug|x64
		{F3A94EDF-064B-4478-AB9A-6F4657783BC7}.Debug|x64.Build.0 = Debug|x64
		{F3A94EDF-064B-4478-AB9A-6F4657783BC7}.Debug|x86.ActiveCfg = Debug|Win32
		{F3A94EDF-064B-4478-AB9A-6F4657783BC7}.Debug|x86.Build.0 = Debug|Win32
		{F3A94EDF-064B-4478-AB9A-6F4657783BC7}.Release|x64.ActiveCfg = Release|x64
		{F3A94EDF-064B-4478-AB9A-6F4657783BC7}.Release|x64.Build.0 = Release|x64
		{F3A94EDF-064B-4478-AB9A-6F4657783BC7}.Release|x86.ActiveCfg = Release|Win32
		{F3A94EDF-064B-4478-AB9A-6F4657783BC7}.Release|x86.Build.0 = Release|Win32
	EndGlobalSection
	GlobalSection(SolutionProperties) = preSolution
		HideSolutionNode = FALSE
	EndGlobalSection
	GlobalSection(NestedProjects) = preSolution
		{CD51641E-ACC8-417D-B69A-86FBA10C9EA5} = {D37D1443-79B9-4BFE-8C21-713C90E5B95B}
		{8114670D-7197-4A66-AEC8-75AAE5EEA8AD} = {D37D1443-79B9-4BFE-8C21-713C90E5B95B}
		{AB501617-C5B5-43F9-A24F-ECF6B3E99D3A} = {30EF7D84-01B5-4288-9FD0-37969C26075B}
		{89563730-24B2-43DB-93A8-BF40763B4A9A} = {30EF7D84-01B5-4288-9FD0-37969C26075B}
		{9906645A-0434-49C6-B8D0-84C6416A2094} = {D37D1443-79B9-4BFE-8C21-713C90E5B95B}
		{494FF756-FE47-4A7D-A107-0122C9357929} = {D37D1443-79B9-4BFE-8C21-713C90E5B95B}
		{D0972E0C-3659-45F9-B1BC-CFB33A8B85C7} = {122EA480-099B-4041-898D-42943BB3BDAB}
		{1885C774-B24D-4247-A6AA-69684E5F3C8F} = {122EA480-099B-4041-898D-42943BB3BDAB}
		{08DCFC73-3967-417F-AE3F-0E73D3548C4F} = {93736FF6-FCCA-4284-89D1-A9B1520C3556}
		{29F31665-342F-4ADF-8E98-260A39A5C421} = {93736FF6-FCCA-4284-89D1-A9B1520C3556}
		{AFA9804A-2FAB-4741-941D-67E778F788B8} = {93736FF6-FCCA-4284-89D1-A9B1520C3556}
		{4796BE3F-FF73-443F-8F4C-AE1CB4F35171} = {93736FF6-FCCA-4284-89D1-A9B1520C3556}
		{CF42E3B9-A3F7-4258-9837-0161F71A80AA} = {1AB010C6-BA7C-4CCC-9B97-76FFD238267E}
		{E7AE410B-A866-4669-BD2B-1288E692111E} = {1AB010C6-BA7C-4CCC-9B97-76FFD238267E}
		{9378532C-63E2-469F-8902-518B76D03118} = {1AB010C6-BA7C-4CCC-9B97-76FFD238267E}
		{A5D55468-F2D4-44B5-BA82-F44E4B921287} = {1AB010C6-BA7C-4CCC-9B97-76FFD238267E}
		{18CF4702-2124-4162-A30D-2657599AA678} = {D4036137-611A-4B77-A859-C1CD3A7BD539}
		{204E2925-0814-4C97-962E-CC71BA1C425E} = {D4036137-611A-4B77-A859-C1CD3A7BD539}
		{59D7B38A-4919-4F62-82AB-DDE59FAE8DDC} = {46DC6E18-A017-4EE5-B4A3-F6BED9D1F154}
		{9B063282-BC1C-46C1-896C-F87037850DFC} = {46DC6E18-A017-4EE5-B4A3-F6BED9D1F154}
		{A0E4D4B4-248F-43A2-AD9E-DF758E61CE68} = {FF69A6D3-1DC9-4238-90B6-7FAFC914403D}
		{71E938D0-35EF-4A25-AFE1-39AF9BE04EB6} = {FF69A6D3-1DC9-4238-90B6-7FAFC914403D}
		{EEA93342-0382-442A-9633-958281BD333A} = {D2EEC132-17FD-4E97-9DD7-EBD379982719}
		{7429F9D6-7A06-4F52-A325-DE51332A87E4} = {D2EEC132-17FD-4E97-9DD7-EBD379982719}
		{5B79495B-6CED-4099-9A19-58B1F4423451} = {F64978CF-071B-457E-BDA2-839B16FF53E9}
		{47647411-0D2B-4A5E-9521-D27CF9DC3CA6} = {F64978CF-071B-457E-BDA2-839B16FF53E9}
		{D6203BE3-BB5A-4C4D-B446-7026F1E0456C} = {F64978CF-071B-457E-BDA2-839B16FF53E9}
		{68809571-840B-4280-AB71-5B2766B8048F} = {D37D1443-79B9-4BFE-8C21-713C90E5B95B}
		{4A7E8394-A677-48D7-BC2C-2582751F4F16} = {D139E088-A680-4C7D-B8BA-99F2BD26EDFF}
		{4253F8F3-8BAF-49FD-ABFE-D9C85FD3399E} = {D139E088-A680-4C7D-B8BA-99F2BD26EDFF}
		{5453109B-1CC9-4DF6-92C8-28B2CC626964} = {D139E088-A680-4C7D-B8BA-99F2BD26EDFF}
		{6B4B2458-498E-4303-AF05-935B63EC5CEE} = {D139E088-A680-4C7D-B8BA-99F2BD26EDFF}
		{4FD9953D-87C3-4981-8AC7-E61C9D903709} = {D139E088-A680-4C7D-B8BA-99F2BD26EDFF}
		{C819CD21-6141-4967-9BBA-3D6EFA57FE33} = {D139E088-A680-4C7D-B8BA-99F2BD26EDFF}
		{01E8203E-21AE-4A95-A6C0-26EE23B5938F} = {D139E088-A680-4C7D-B8BA-99F2BD26EDFF}
		{366CA289-472F-41AD-BF3E-56EB3EE83A7B} = {D139E088-A680-4C7D-B8BA-99F2BD26EDFF}
		{78E68DBF-E09A-4DF8-9363-E695B768E431} = {66BBF75F-EA5C-4141-8235-942838377053}
		{E862D548-3B4E-4265-8C56-2E3EFAB3ACA1} = {D37D1443-79B9-4BFE-8C21-713C90E5B95B}
		{51B815FD-7ABD-4F5E-BD90-869F4D615D3A} = {66BBF75F-EA5C-4141-8235-942838377053}
		{BF44F620-521C-453C-9CF1-06EF6D14E98F} = {66BBF75F-EA5C-4141-8235-942838377053}
		{60989702-9011-473C-9B37-08B1D9162CA8} = {3C0FBBB1-C5D3-49AD-9DF1-CAFD36E29A1B}
		{E1A92DEF-00FF-4363-AD8A-B931FBA4C7C3} = {3C0FBBB1-C5D3-49AD-9DF1-CAFD36E29A1B}
		{3E2BE278-27D4-4638-B4DA-047C7BC69C06} = {3C0FBBB1-C5D3-49AD-9DF1-CAFD36E29A1B}
		{12BF6DA6-0BDB-4BFD-830B-A8FE6819A7C2} = {21258D12-CD7E-4CE8-88C8-593D18B43D14}
		{48316BD2-EEF8-4744-A109-11E9E80E2F54} = {21258D12-CD7E-4CE8-88C8-593D18B43D14}
		{0439FC12-2462-490F-BE08-4379B1684453} = {21258D12-CD7E-4CE8-88C8-593D18B43D14}
		{E48B5EA7-C904-43F6-9B27-7DFD76C5BEC6} = {21258D12-CD7E-4CE8-88C8-593D18B43D14}
		{90379A01-BF14-477E-BB96-3CBC25DADB15} = {21258D12-CD7E-4CE8-88C8-593D18B43D14}
		{362F632C-E185-49E6-95E5-0C19D6A02848} = {21258D12-CD7E-4CE8-88C8-593D18B43D14}
		{0732B09C-C347-43CB-983B-45E5A36A944B} = {C0269964-DEB3-4C8E-A16C-FD7F78275296}
		{3108F164-5E7C-4A51-87F4-4A071161685B} = {C0269964-DEB3-4C8E-A16C-FD7F78275296}
		{C568030F-BF1D-4E69-B524-C7FEB82A7879} = {C0269964-DEB3-4C8E-A16C-FD7F78275296}
		{9CB9026C-73F3-4581-93FE-BCF01FE5D710} = {C0269964-DEB3-4C8E-A16C-FD7F78275296}
		{BACD8C72-94A6-4F50-B474-18E5DA0ABAA8} = {51C16022-FF72-43D8-ACA2-C3537C58C9DE}
		{CF4DFD8E-521E-4BB1-8550-AF49D230E112} = {51C16022-FF72-43D8-ACA2-C3537C58C9DE}
		{6AC99C48-1FEA-46E7-812F-F95541A04B33} = {51C16022-FF72-43D8-ACA2-C3537C58C9DE}
		{B4506BEC-FE6F-4E48-87E0-E24C046F44DB} = {51C16022-FF72-43D8-ACA2-C3537C58C9DE}
		{379A9A6B-01B5-4D87-88F4-D5A3AEA479F1} = {51C16022-FF72-43D8-ACA2-C3537C58C9DE}
		{A07486E6-059F-4878-91FA-05C7B95A2E3E} = {51C16022-FF72-43D8-ACA2-C3537C58C9DE}
		{C1B2A5C4-188A-4665-A3A0-A9488F035BA0} = {DC294935-0040-4F8C-9485-71099BB0F3D1}
		{D271E7AC-F784-41E2-8C8E-6317E81D3D1F} = {DC294935-0040-4F8C-9485-71099BB0F3D1}
		{112B975A-7D23-42AB-8200-B3CB6FF625D7} = {DC294935-0040-4F8C-9485-71099BB0F3D1}
		{E2919A9A-546B-4CB7-8C50-D204BAE9BCBD} = {DC294935-0040-4F8C-9485-71099BB0F3D1}
		{6A5063DD-05A7-4D71-98C9-8B7A0546A308} = {E13A7F11-8164-431A-98E1-19D9D1FCA937}
		{54FA1D08-6F99-41F5-B018-371053D332F5} = {E13A7F11-8164-431A-98E1-19D9D1FCA937}
		{407BB1E2-10D7-4AB8-9E0F-24A503FBC6F6} = {E13A7F11-8164-431A-98E1-19D9D1FCA937}
		{65F4A9F9-FD3E-40AB-BB2E-041CEB04ECA9} = {E13A7F11-8164-431A-98E1-19D9D1FCA937}
		{99B391C7-FF08-443D-A0BC-F7C2B91B6780} = {29FFC352-F700-40F9-8F8E-684A4B76D68A}
		{51EAF05E-1A2E-48E2-ACDA-A2F4B8864B6D} = {29FFC352-F700-40F9-8F8E-684A4B76D68A}
		{61D34AAC-88B1-4268-A354-6DB4D8D5B699} = {29FFC352-F700-40F9-8F8E-684A4B76D68A}
		{DFA10FA3-2962-467F-9BD5-BCA8E3A2256F} = {29FFC352-F700-40F9-8F8E-684A4B76D68A}
		{D89EF275-CAB3-4955-A2DA-B626171AC644} = {29FFC352-F700-40F9-8F8E-684A4B76D68A}
		{EF4A2D5A-DF8A-463A-9763-BCD011F8C9A9} = {30900DCD-8AE2-412A-923A-757A78BC8DD3}
		{900D21B3-6488-47E9-9664-BB45745621E2} = {30900DCD-8AE2-412A-923A-757A78BC8DD3}
		{022F68DC-B330-4EBB-A472-9006A18FF9F0} = {30900DCD-8AE2-412A-923A-757A78BC8DD3}
		{2A632BE9-FF06-4BD6-B22E-F500F50B15B9} = {6CA1602E-E777-4B87-864F-59D36432BA6D}
		{0403D6B1-8459-457F-B1C5-5466A63A929A} = {6CA1602E-E777-4B87-864F-59D36432BA6D}
		{718D0864-E302-4C46-B16B-3511DF158595} = {6CA1602E-E777-4B87-864F-59D36432BA6D}
		{A7762BC5-7FB3-47EA-BFEA-E99F2A181131} = {6CA1602E-E777-4B87-864F-59D36432BA6D}
		{04742206-DF48-4DC7-9559-24977BF836CD} = {6CA1602E-E777-4B87-864F-59D36432BA6D}
		{B1D51058-4FB5-484B-88C3-EC2465866436} = {6CA1602E-E777-4B87-864F-59D36432BA6D}
		{F181D045-01CF-4DE1-BA5D-397A5F509FD5} = {658E0954-3184-4BBB-82E7-09A829D0718A}
		{F0996862-2A43-4163-AF5B-1069D2A4A337} = {658E0954-3184-4BBB-82E7-09A829D0718A}
		{1CA560BF-89FB-4B77-AD7E-D4A28BD46651} = {6D4CF5C2-041C-4095-A519-C649984909FE}
		{ED0D8BBB-8954-4CC4-850D-C19CF319B1CB} = {6D4CF5C2-041C-4095-A519-C649984909FE}
		{8014D5B9-BE89-4678-ACA9-23A51B261652} = {6D4CF5C2-041C-4095-A519-C649984909FE}
		{5749C1CF-18E7-4AFD-A5CB-AEE8A125E5B7} = {F3DBE6C9-8F02-4020-8C97-D6E3C7C37B9D}
		{02082F30-D319-471F-BE38-F9BBD5A251E5} = {F3DBE6C9-8F02-4020-8C97-D6E3C7C37B9D}
		{91CF09F0-0AD7-439F-B8ED-2288E09A7F83} = {F3DBE6C9-8F02-4020-8C97-D6E3C7C37B9D}
		{F3A94EDF-064B-4478-AB9A-6F4657783BC7} = {EB9C2337-553B-4D6F-ABA2-6DE11C7740D4}
	EndGlobalSection
	GlobalSection(ExtensibilityGlobals) = postSolution
		SolutionGuid = {DD7D5869-439B-4267-935D-2818A991B707}
	EndGlobalSection
EndGlobal
