
Microsoft Visual Studio Solution File, Format Version 12.00
# Visual Studio Version 17
VisualStudioVersion = 17.1.32210.238
MinimumVisualStudioVersion = 10.0.40219.1
Project("{2150E333-8FDC-42A3-9474-1A3956D46DE8}") = "DreamSky", "DreamSky", "{D37D1443-79B9-4BFE-8C21-713C90E5B95B}"
EndProject
Project("{2150E333-8FDC-42A3-9474-1A3956D46DE8}") = "chapter_01", "chapter_01", "{30EF7D84-01B5-4288-9FD0-37969C26075B}"
EndProject
Project("{8BC9CEB8-8B4A-11D0-8D11-00A0C91BC942}") = "DreamHeaders", "DreamSky\DreamHeaders\vcproj\DreamHeaders.vcxproj", "{FD375F45-251E-4206-B21E-66D15D2FD82D}"
EndProject
Project("{8BC9CEB8-8B4A-11D0-8D11-00A0C91BC942}") = "DreamCommon", "DreamSky\DreamCommon\vcproj\DreamCommon.vcxproj", "{CD51641E-ACC8-417D-B69A-86FBA10C9EA5}"
	ProjectSection(ProjectDependencies) = postProject
		{FD375F45-251E-4206-B21E-66D15D2FD82D} = {FD375F45-251E-4206-B21E-66D15D2FD82D}
	EndProjectSection
EndProject
Project("{8BC9CEB8-8B4A-11D0-8D11-00A0C91BC942}") = "DreamConfig", "DreamSky\DreamConfig\vcproj\DreamConfig.vcxproj", "{8114670D-7197-4A66-AEC8-75AAE5EEA8AD}"
	ProjectSection(ProjectDependencies) = postProject
		{CD51641E-ACC8-417D-B69A-86FBA10C9EA5} = {CD51641E-ACC8-417D-B69A-86FBA10C9EA5}
		{FD375F45-251E-4206-B21E-66D15D2FD82D} = {FD375F45-251E-4206-B21E-66D15D2FD82D}
	EndProjectSection
EndProject
Project("{8BC9CEB8-8B4A-11D0-8D11-00A0C91BC942}") = "hello_client", "chapter_01\vcproj\hello_client.vcxproj", "{AB501617-C5B5-43F9-A24F-ECF6B3E99D3A}"
	ProjectSection(ProjectDependencies) = postProject
		{494FF756-FE47-4A7D-A107-0122C9357929} = {494FF756-FE47-4A7D-A107-0122C9357929}
		{CD51641E-ACC8-417D-B69A-86FBA10C9EA5} = {CD51641E-ACC8-417D-B69A-86FBA10C9EA5}
		{FD375F45-251E-4206-B21E-66D15D2FD82D} = {FD375F45-251E-4206-B21E-66D15D2FD82D}
	EndProjectSection
EndProject
Project("{8BC9CEB8-8B4A-11D0-8D11-00A0C91BC942}") = "hello_server", "chapter_01\vcproj\hello_server.vcxproj", "{89563730-24B2-43DB-93A8-BF40763B4A9A}"
EndProject
Project("{8BC9CEB8-8B4A-11D0-8D11-00A0C91BC942}") = "DreamLog", "DreamSky\DreamLog\vcproj\DreamLog.vcxproj", "{9906645A-0434-49C6-B8D0-84C6416A2094}"
EndProject
Project("{8BC9CEB8-8B4A-11D0-8D11-00A0C91BC942}") = "DreamSocket", "DreamSky\DreamSocket\vcproj\DreamSocket.vcxproj", "{494FF756-FE47-4A7D-A107-0122C9357929}"
EndProject
Project("{2150E333-8FDC-42A3-9474-1A3956D46DE8}") = "chapter_02", "chapter_02", "{122EA480-099B-4041-898D-42943BB3BDAB}"
EndProject
Project("{8BC9CEB8-8B4A-11D0-8D11-00A0C91BC942}") = "tcp_client", "chapter_02\vcproj\tcp_client.vcxproj", "{D0972E0C-3659-45F9-B1BC-CFB33A8B85C7}"
EndProject
Project("{8BC9CEB8-8B4A-11D0-8D11-00A0C91BC942}") = "tcp_server", "chapter_02\vcproj\tcp_server.vcxproj", "{1885C774-B24D-4247-A6AA-69684E5F3C8F}"
EndProject
Project("{2150E333-8FDC-42A3-9474-1A3956D46DE8}") = "chapter_03", "chapter_03", "{93736FF6-FCCA-4284-89D1-A9B1520C3556}"
EndProject
Project("{8BC9CEB8-8B4A-11D0-8D11-00A0C91BC942}") = "endian_conv", "chapter_03\vcproj\endian_conv.vcxproj", "{08DCFC73-3967-417F-AE3F-0E73D3548C4F}"
EndProject
Project("{8BC9CEB8-8B4A-11D0-8D11-00A0C91BC942}") = "inet_addr", "chapter_03\vcproj\inet_addr.vcxproj", "{29F31665-342F-4ADF-8E98-260A39A5C421}"
EndProject
Project("{8BC9CEB8-8B4A-11D0-8D11-00A0C91BC942}") = "inet_aton", "chapter_03\vcproj\inet_aton.vcxproj", "{AFA9804A-2FAB-4741-941D-67E778F788B8}"
EndProject
Project("{8BC9CEB8-8B4A-11D0-8D11-00A0C91BC942}") = "inet_ntoa", "chapter_03\vcproj\inet_ntoa.vcxproj", "{4796BE3F-FF73-443F-8F4C-AE1CB4F35171}"
EndProject
Project("{2150E333-8FDC-42A3-9474-1A3956D46DE8}") = "chapter_04", "chapter_04", "{1AB010C6-BA7C-4CCC-9B97-76FFD238267E}"
EndProject
Project("{8BC9CEB8-8B4A-11D0-8D11-00A0C91BC942}") = "echo_client", "chapter_04\vcproj\echo_client.vcxproj", "{CF42E3B9-A3F7-4258-9837-0161F71A80AA}"
EndProject
Project("{8BC9CEB8-8B4A-11D0-8D11-00A0C91BC942}") = "echo_server", "chapter_04\vcproj\echo_server.vcxproj", "{E7AE410B-A866-4669-BD2B-1288E692111E}"
EndProject
Project("{8BC9CEB8-8B4A-11D0-8D11-00A0C91BC942}") = "hello_client", "chapter_04\vcproj\hello_client.vcxproj", "{9378532C-63E2-469F-8902-518B76D03118}"
EndProject
Project("{8BC9CEB8-8B4A-11D0-8D11-00A0C91BC942}") = "hello_server", "chapter_04\vcproj\hello_server.vcxproj", "{A5D55468-F2D4-44B5-BA82-F44E4B921287}"
EndProject
Project("{2150E333-8FDC-42A3-9474-1A3956D46DE8}") = "chapter_05", "chapter_05", "{D4036137-611A-4B77-A859-C1CD3A7BD539}"
EndProject
Project("{8BC9CEB8-8B4A-11D0-8D11-00A0C91BC942}") = "op_client", "chapter_05\vcproj\op_client.vcxproj", "{18CF4702-2124-4162-A30D-2657599AA678}"
EndProject
Project("{8BC9CEB8-8B4A-11D0-8D11-00A0C91BC942}") = "op_server", "chapter_05\vcproj\op_server.vcxproj", "{204E2925-0814-4C97-962E-CC71BA1C425E}"
EndProject
Global
	GlobalSection(SolutionConfigurationPlatforms) = preSolution
		Debug|x64 = Debug|x64
		Debug|x86 = Debug|x86
		Release|x64 = Release|x64
		Release|x86 = Release|x86
	EndGlobalSection
	GlobalSection(ProjectConfigurationPlatforms) = postSolution
		{FD375F45-251E-4206-B21E-66D15D2FD82D}.Debug|x64.ActiveCfg = Debug|x64
		{FD375F45-251E-4206-B21E-66D15D2FD82D}.Debug|x64.Build.0 = Debug|x64
		{FD375F45-251E-4206-B21E-66D15D2FD82D}.Debug|x86.ActiveCfg = Debug|Win32
		{FD375F45-251E-4206-B21E-66D15D2FD82D}.Debug|x86.Build.0 = Debug|Win32
		{FD375F45-251E-4206-B21E-66D15D2FD82D}.Release|x64.ActiveCfg = Release|x64
		{FD375F45-251E-4206-B21E-66D15D2FD82D}.Release|x64.Build.0 = Release|x64
		{FD375F45-251E-4206-B21E-66D15D2FD82D}.Release|x86.ActiveCfg = Release|Win32
		{FD375F45-251E-4206-B21E-66D15D2FD82D}.Release|x86.Build.0 = Release|Win32
		{CD51641E-ACC8-417D-B69A-86FBA10C9EA5}.Debug|x64.ActiveCfg = Debug|x64
		{CD51641E-ACC8-417D-B69A-86FBA10C9EA5}.Debug|x64.Build.0 = Debug|x64
		{CD51641E-ACC8-417D-B69A-86FBA10C9EA5}.Debug|x86.ActiveCfg = Debug|Win32
		{CD51641E-ACC8-417D-B69A-86FBA10C9EA5}.Debug|x86.Build.0 = Debug|Win32
		{CD51641E-ACC8-417D-B69A-86FBA10C9EA5}.Release|x64.ActiveCfg = Release|x64
		{CD51641E-ACC8-417D-B69A-86FBA10C9EA5}.Release|x64.Build.0 = Release|x64
		{CD51641E-ACC8-417D-B69A-86FBA10C9EA5}.Release|x86.ActiveCfg = Release|Win32
		{CD51641E-ACC8-417D-B69A-86FBA10C9EA5}.Release|x86.Build.0 = Release|Win32
		{8114670D-7197-4A66-AEC8-75AAE5EEA8AD}.Debug|x64.ActiveCfg = Debug|x64
		{8114670D-7197-4A66-AEC8-75AAE5EEA8AD}.Debug|x64.Build.0 = Debug|x64
		{8114670D-7197-4A66-AEC8-75AAE5EEA8AD}.Debug|x86.ActiveCfg = Debug|Win32
		{8114670D-7197-4A66-AEC8-75AAE5EEA8AD}.Debug|x86.Build.0 = Debug|Win32
		{8114670D-7197-4A66-AEC8-75AAE5EEA8AD}.Release|x64.ActiveCfg = Release|x64
		{8114670D-7197-4A66-AEC8-75AAE5EEA8AD}.Release|x64.Build.0 = Release|x64
		{8114670D-7197-4A66-AEC8-75AAE5EEA8AD}.Release|x86.ActiveCfg = Release|Win32
		{8114670D-7197-4A66-AEC8-75AAE5EEA8AD}.Release|x86.Build.0 = Release|Win32
		{AB501617-C5B5-43F9-A24F-ECF6B3E99D3A}.Debug|x64.ActiveCfg = Debug|x64
		{AB501617-C5B5-43F9-A24F-ECF6B3E99D3A}.Debug|x64.Build.0 = Debug|x64
		{AB501617-C5B5-43F9-A24F-ECF6B3E99D3A}.Debug|x86.ActiveCfg = Debug|Win32
		{AB501617-C5B5-43F9-A24F-ECF6B3E99D3A}.Debug|x86.Build.0 = Debug|Win32
		{AB501617-C5B5-43F9-A24F-ECF6B3E99D3A}.Release|x64.ActiveCfg = Release|x64
		{AB501617-C5B5-43F9-A24F-ECF6B3E99D3A}.Release|x64.Build.0 = Release|x64
		{AB501617-C5B5-43F9-A24F-ECF6B3E99D3A}.Release|x86.ActiveCfg = Release|Win32
		{AB501617-C5B5-43F9-A24F-ECF6B3E99D3A}.Release|x86.Build.0 = Release|Win32
		{89563730-24B2-43DB-93A8-BF40763B4A9A}.Debug|x64.ActiveCfg = Debug|x64
		{89563730-24B2-43DB-93A8-BF40763B4A9A}.Debug|x64.Build.0 = Debug|x64
		{89563730-24B2-43DB-93A8-BF40763B4A9A}.Debug|x86.ActiveCfg = Debug|Win32
		{89563730-24B2-43DB-93A8-BF40763B4A9A}.Debug|x86.Build.0 = Debug|Win32
		{89563730-24B2-43DB-93A8-BF40763B4A9A}.Release|x64.ActiveCfg = Release|x64
		{89563730-24B2-43DB-93A8-BF40763B4A9A}.Release|x64.Build.0 = Release|x64
		{89563730-24B2-43DB-93A8-BF40763B4A9A}.Release|x86.ActiveCfg = Release|Win32
		{89563730-24B2-43DB-93A8-BF40763B4A9A}.Release|x86.Build.0 = Release|Win32
		{9906645A-0434-49C6-B8D0-84C6416A2094}.Debug|x64.ActiveCfg = Debug|x64
		{9906645A-0434-49C6-B8D0-84C6416A2094}.Debug|x64.Build.0 = Debug|x64
		{9906645A-0434-49C6-B8D0-84C6416A2094}.Debug|x86.ActiveCfg = Debug|Win32
		{9906645A-0434-49C6-B8D0-84C6416A2094}.Debug|x86.Build.0 = Debug|Win32
		{9906645A-0434-49C6-B8D0-84C6416A2094}.Release|x64.ActiveCfg = Release|x64
		{9906645A-0434-49C6-B8D0-84C6416A2094}.Release|x64.Build.0 = Release|x64
		{9906645A-0434-49C6-B8D0-84C6416A2094}.Release|x86.ActiveCfg = Release|Win32
		{9906645A-0434-49C6-B8D0-84C6416A2094}.Release|x86.Build.0 = Release|Win32
		{494FF756-FE47-4A7D-A107-0122C9357929}.Debug|x64.ActiveCfg = Debug|x64
		{494FF756-FE47-4A7D-A107-0122C9357929}.Debug|x64.Build.0 = Debug|x64
		{494FF756-FE47-4A7D-A107-0122C9357929}.Debug|x86.ActiveCfg = Debug|Win32
		{494FF756-FE47-4A7D-A107-0122C9357929}.Debug|x86.Build.0 = Debug|Win32
		{494FF756-FE47-4A7D-A107-0122C9357929}.Release|x64.ActiveCfg = Release|x64
		{494FF756-FE47-4A7D-A107-0122C9357929}.Release|x64.Build.0 = Release|x64
		{494FF756-FE47-4A7D-A107-0122C9357929}.Release|x86.ActiveCfg = Release|Win32
		{494FF756-FE47-4A7D-A107-0122C9357929}.Release|x86.Build.0 = Release|Win32
		{D0972E0C-3659-45F9-B1BC-CFB33A8B85C7}.Debug|x64.ActiveCfg = Debug|x64
		{D0972E0C-3659-45F9-B1BC-CFB33A8B85C7}.Debug|x64.Build.0 = Debug|x64
		{D0972E0C-3659-45F9-B1BC-CFB33A8B85C7}.Debug|x86.ActiveCfg = Debug|Win32
		{D0972E0C-3659-45F9-B1BC-CFB33A8B85C7}.Debug|x86.Build.0 = Debug|Win32
		{D0972E0C-3659-45F9-B1BC-CFB33A8B85C7}.Release|x64.ActiveCfg = Release|x64
		{D0972E0C-3659-45F9-B1BC-CFB33A8B85C7}.Release|x64.Build.0 = Release|x64
		{D0972E0C-3659-45F9-B1BC-CFB33A8B85C7}.Release|x86.ActiveCfg = Release|Win32
		{D0972E0C-3659-45F9-B1BC-CFB33A8B85C7}.Release|x86.Build.0 = Release|Win32
		{1885C774-B24D-4247-A6AA-69684E5F3C8F}.Debug|x64.ActiveCfg = Debug|x64
		{1885C774-B24D-4247-A6AA-69684E5F3C8F}.Debug|x64.Build.0 = Debug|x64
		{1885C774-B24D-4247-A6AA-69684E5F3C8F}.Debug|x86.ActiveCfg = Debug|Win32
		{1885C774-B24D-4247-A6AA-69684E5F3C8F}.Debug|x86.Build.0 = Debug|Win32
		{1885C774-B24D-4247-A6AA-69684E5F3C8F}.Release|x64.ActiveCfg = Release|x64
		{1885C774-B24D-4247-A6AA-69684E5F3C8F}.Release|x64.Build.0 = Release|x64
		{1885C774-B24D-4247-A6AA-69684E5F3C8F}.Release|x86.ActiveCfg = Release|Win32
		{1885C774-B24D-4247-A6AA-69684E5F3C8F}.Release|x86.Build.0 = Release|Win32
		{08DCFC73-3967-417F-AE3F-0E73D3548C4F}.Debug|x64.ActiveCfg = Debug|x64
		{08DCFC73-3967-417F-AE3F-0E73D3548C4F}.Debug|x64.Build.0 = Debug|x64
		{08DCFC73-3967-417F-AE3F-0E73D3548C4F}.Debug|x86.ActiveCfg = Debug|Win32
		{08DCFC73-3967-417F-AE3F-0E73D3548C4F}.Debug|x86.Build.0 = Debug|Win32
		{08DCFC73-3967-417F-AE3F-0E73D3548C4F}.Release|x64.ActiveCfg = Release|x64
		{08DCFC73-3967-417F-AE3F-0E73D3548C4F}.Release|x64.Build.0 = Release|x64
		{08DCFC73-3967-417F-AE3F-0E73D3548C4F}.Release|x86.ActiveCfg = Release|Win32
		{08DCFC73-3967-417F-AE3F-0E73D3548C4F}.Release|x86.Build.0 = Release|Win32
		{29F31665-342F-4ADF-8E98-260A39A5C421}.Debug|x64.ActiveCfg = Debug|x64
		{29F31665-342F-4ADF-8E98-260A39A5C421}.Debug|x64.Build.0 = Debug|x64
		{29F31665-342F-4ADF-8E98-260A39A5C421}.Debug|x86.ActiveCfg = Debug|Win32
		{29F31665-342F-4ADF-8E98-260A39A5C421}.Debug|x86.Build.0 = Debug|Win32
		{29F31665-342F-4ADF-8E98-260A39A5C421}.Release|x64.ActiveCfg = Release|x64
		{29F31665-342F-4ADF-8E98-260A39A5C421}.Release|x64.Build.0 = Release|x64
		{29F31665-342F-4ADF-8E98-260A39A5C421}.Release|x86.ActiveCfg = Release|Win32
		{29F31665-342F-4ADF-8E98-260A39A5C421}.Release|x86.Build.0 = Release|Win32
		{AFA9804A-2FAB-4741-941D-67E778F788B8}.Debug|x64.ActiveCfg = Debug|x64
		{AFA9804A-2FAB-4741-941D-67E778F788B8}.Debug|x64.Build.0 = Debug|x64
		{AFA9804A-2FAB-4741-941D-67E778F788B8}.Debug|x86.ActiveCfg = Debug|Win32
		{AFA9804A-2FAB-4741-941D-67E778F788B8}.Debug|x86.Build.0 = Debug|Win32
		{AFA9804A-2FAB-4741-941D-67E778F788B8}.Release|x64.ActiveCfg = Release|x64
		{AFA9804A-2FAB-4741-941D-67E778F788B8}.Release|x64.Build.0 = Release|x64
		{AFA9804A-2FAB-4741-941D-67E778F788B8}.Release|x86.ActiveCfg = Release|Win32
		{AFA9804A-2FAB-4741-941D-67E778F788B8}.Release|x86.Build.0 = Release|Win32
		{4796BE3F-FF73-443F-8F4C-AE1CB4F35171}.Debug|x64.ActiveCfg = Debug|x64
		{4796BE3F-FF73-443F-8F4C-AE1CB4F35171}.Debug|x64.Build.0 = Debug|x64
		{4796BE3F-FF73-443F-8F4C-AE1CB4F35171}.Debug|x86.ActiveCfg = Debug|Win32
		{4796BE3F-FF73-443F-8F4C-AE1CB4F35171}.Debug|x86.Build.0 = Debug|Win32
		{4796BE3F-FF73-443F-8F4C-AE1CB4F35171}.Release|x64.ActiveCfg = Release|x64
		{4796BE3F-FF73-443F-8F4C-AE1CB4F35171}.Release|x64.Build.0 = Release|x64
		{4796BE3F-FF73-443F-8F4C-AE1CB4F35171}.Release|x86.ActiveCfg = Release|Win32
		{4796BE3F-FF73-443F-8F4C-AE1CB4F35171}.Release|x86.Build.0 = Release|Win32
		{CF42E3B9-A3F7-4258-9837-0161F71A80AA}.Debug|x64.ActiveCfg = Debug|x64
		{CF42E3B9-A3F7-4258-9837-0161F71A80AA}.Debug|x64.Build.0 = Debug|x64
		{CF42E3B9-A3F7-4258-9837-0161F71A80AA}.Debug|x86.ActiveCfg = Debug|Win32
		{CF42E3B9-A3F7-4258-9837-0161F71A80AA}.Debug|x86.Build.0 = Debug|Win32
		{CF42E3B9-A3F7-4258-9837-0161F71A80AA}.Release|x64.ActiveCfg = Release|x64
		{CF42E3B9-A3F7-4258-9837-0161F71A80AA}.Release|x64.Build.0 = Release|x64
		{CF42E3B9-A3F7-4258-9837-0161F71A80AA}.Release|x86.ActiveCfg = Release|Win32
		{CF42E3B9-A3F7-4258-9837-0161F71A80AA}.Release|x86.Build.0 = Release|Win32
		{E7AE410B-A866-4669-BD2B-1288E692111E}.Debug|x64.ActiveCfg = Debug|x64
		{E7AE410B-A866-4669-BD2B-1288E692111E}.Debug|x64.Build.0 = Debug|x64
		{E7AE410B-A866-4669-BD2B-1288E692111E}.Debug|x86.ActiveCfg = Debug|Win32
		{E7AE410B-A866-4669-BD2B-1288E692111E}.Debug|x86.Build.0 = Debug|Win32
		{E7AE410B-A866-4669-BD2B-1288E692111E}.Release|x64.ActiveCfg = Release|x64
		{E7AE410B-A866-4669-BD2B-1288E692111E}.Release|x64.Build.0 = Release|x64
		{E7AE410B-A866-4669-BD2B-1288E692111E}.Release|x86.ActiveCfg = Release|Win32
		{E7AE410B-A866-4669-BD2B-1288E692111E}.Release|x86.Build.0 = Release|Win32
		{9378532C-63E2-469F-8902-518B76D03118}.Debug|x64.ActiveCfg = Debug|x64
		{9378532C-63E2-469F-8902-518B76D03118}.Debug|x64.Build.0 = Debug|x64
		{9378532C-63E2-469F-8902-518B76D03118}.Debug|x86.ActiveCfg = Debug|Win32
		{9378532C-63E2-469F-8902-518B76D03118}.Debug|x86.Build.0 = Debug|Win32
		{9378532C-63E2-469F-8902-518B76D03118}.Release|x64.ActiveCfg = Release|x64
		{9378532C-63E2-469F-8902-518B76D03118}.Release|x64.Build.0 = Release|x64
		{9378532C-63E2-469F-8902-518B76D03118}.Release|x86.ActiveCfg = Release|Win32
		{9378532C-63E2-469F-8902-518B76D03118}.Release|x86.Build.0 = Release|Win32
		{A5D55468-F2D4-44B5-BA82-F44E4B921287}.Debug|x64.ActiveCfg = Debug|x64
		{A5D55468-F2D4-44B5-BA82-F44E4B921287}.Debug|x64.Build.0 = Debug|x64
		{A5D55468-F2D4-44B5-BA82-F44E4B921287}.Debug|x86.ActiveCfg = Debug|Win32
		{A5D55468-F2D4-44B5-BA82-F44E4B921287}.Debug|x86.Build.0 = Debug|Win32
		{A5D55468-F2D4-44B5-BA82-F44E4B921287}.Release|x64.ActiveCfg = Release|x64
		{A5D55468-F2D4-44B5-BA82-F44E4B921287}.Release|x64.Build.0 = Release|x64
		{A5D55468-F2D4-44B5-BA82-F44E4B921287}.Release|x86.ActiveCfg = Release|Win32
		{A5D55468-F2D4-44B5-BA82-F44E4B921287}.Release|x86.Build.0 = Release|Win32
		{18CF4702-2124-4162-A30D-2657599AA678}.Debug|x64.ActiveCfg = Debug|x64
		{18CF4702-2124-4162-A30D-2657599AA678}.Debug|x64.Build.0 = Debug|x64
		{18CF4702-2124-4162-A30D-2657599AA678}.Debug|x86.ActiveCfg = Debug|Win32
		{18CF4702-2124-4162-A30D-2657599AA678}.Debug|x86.Build.0 = Debug|Win32
		{18CF4702-2124-4162-A30D-2657599AA678}.Release|x64.ActiveCfg = Release|x64
		{18CF4702-2124-4162-A30D-2657599AA678}.Release|x64.Build.0 = Release|x64
		{18CF4702-2124-4162-A30D-2657599AA678}.Release|x86.ActiveCfg = Release|Win32
		{18CF4702-2124-4162-A30D-2657599AA678}.Release|x86.Build.0 = Release|Win32
		{204E2925-0814-4C97-962E-CC71BA1C425E}.Debug|x64.ActiveCfg = Debug|x64
		{204E2925-0814-4C97-962E-CC71BA1C425E}.Debug|x64.Build.0 = Debug|x64
		{204E2925-0814-4C97-962E-CC71BA1C425E}.Debug|x86.ActiveCfg = Debug|Win32
		{204E2925-0814-4C97-962E-CC71BA1C425E}.Debug|x86.Build.0 = Debug|Win32
		{204E2925-0814-4C97-962E-CC71BA1C425E}.Release|x64.ActiveCfg = Release|x64
		{204E2925-0814-4C97-962E-CC71BA1C425E}.Release|x64.Build.0 = Release|x64
		{204E2925-0814-4C97-962E-CC71BA1C425E}.Release|x86.ActiveCfg = Release|Win32
		{204E2925-0814-4C97-962E-CC71BA1C425E}.Release|x86.Build.0 = Release|Win32
	EndGlobalSection
	GlobalSection(SolutionProperties) = preSolution
		HideSolutionNode = FALSE
	EndGlobalSection
	GlobalSection(NestedProjects) = preSolution
		{FD375F45-251E-4206-B21E-66D15D2FD82D} = {D37D1443-79B9-4BFE-8C21-713C90E5B95B}
		{CD51641E-ACC8-417D-B69A-86FBA10C9EA5} = {D37D1443-79B9-4BFE-8C21-713C90E5B95B}
		{8114670D-7197-4A66-AEC8-75AAE5EEA8AD} = {D37D1443-79B9-4BFE-8C21-713C90E5B95B}
		{AB501617-C5B5-43F9-A24F-ECF6B3E99D3A} = {30EF7D84-01B5-4288-9FD0-37969C26075B}
		{89563730-24B2-43DB-93A8-BF40763B4A9A} = {30EF7D84-01B5-4288-9FD0-37969C26075B}
		{9906645A-0434-49C6-B8D0-84C6416A2094} = {D37D1443-79B9-4BFE-8C21-713C90E5B95B}
		{494FF756-FE47-4A7D-A107-0122C9357929} = {D37D1443-79B9-4BFE-8C21-713C90E5B95B}
		{D0972E0C-3659-45F9-B1BC-CFB33A8B85C7} = {122EA480-099B-4041-898D-42943BB3BDAB}
		{1885C774-B24D-4247-A6AA-69684E5F3C8F} = {122EA480-099B-4041-898D-42943BB3BDAB}
		{08DCFC73-3967-417F-AE3F-0E73D3548C4F} = {93736FF6-FCCA-4284-89D1-A9B1520C3556}
		{29F31665-342F-4ADF-8E98-260A39A5C421} = {93736FF6-FCCA-4284-89D1-A9B1520C3556}
		{AFA9804A-2FAB-4741-941D-67E778F788B8} = {93736FF6-FCCA-4284-89D1-A9B1520C3556}
		{4796BE3F-FF73-443F-8F4C-AE1CB4F35171} = {93736FF6-FCCA-4284-89D1-A9B1520C3556}
		{CF42E3B9-A3F7-4258-9837-0161F71A80AA} = {1AB010C6-BA7C-4CCC-9B97-76FFD238267E}
		{E7AE410B-A866-4669-BD2B-1288E692111E} = {1AB010C6-BA7C-4CCC-9B97-76FFD238267E}
		{9378532C-63E2-469F-8902-518B76D03118} = {1AB010C6-BA7C-4CCC-9B97-76FFD238267E}
		{A5D55468-F2D4-44B5-BA82-F44E4B921287} = {1AB010C6-BA7C-4CCC-9B97-76FFD238267E}
		{18CF4702-2124-4162-A30D-2657599AA678} = {D4036137-611A-4B77-A859-C1CD3A7BD539}
		{204E2925-0814-4C97-962E-CC71BA1C425E} = {D4036137-611A-4B77-A859-C1CD3A7BD539}
	EndGlobalSection
	GlobalSection(ExtensibilityGlobals) = postSolution
		SolutionGuid = {DD7D5869-439B-4267-935D-2818A991B707}
	EndGlobalSection
EndGlobal
